// !$*UTF8*$!
{
	archiveVersion = 1;
	classes = {
	};
	objectVersion = 56;
	objects = {

/* Begin PBXBuildFile section */
		575677DF2AD6BE47002E01BE /* SignalExtractor.swift in Sources */ = {isa = PBXBuildFile; fileRef = 575677DE2AD6BE47002E01BE /* SignalExtractor.swift */; };
		575677E12ADA6F13002E01BE /* TLTextField.swift in Sources */ = {isa = PBXBuildFile; fileRef = 575677E02ADA6F13002E01BE /* TLTextField.swift */; };
		57806D712ADC5D19003A7B19 /* TestHistoryView.swift in Sources */ = {isa = PBXBuildFile; fileRef = 57806D702ADC5D19003A7B19 /* TestHistoryView.swift */; };
		57806D802AE28ED3003A7B19 /* HistoryItem.swift in Sources */ = {isa = PBXBuildFile; fileRef = 57806D7F2AE28ED3003A7B19 /* HistoryItem.swift */; };
		57E76EB72ACEC91A00D79553 /* StaffSpeechView.swift in Sources */ = {isa = PBXBuildFile; fileRef = 57E76EB62ACEC91A00D79553 /* StaffSpeechView.swift */; };
		7E14D3792B01F46E00244549 /* TKConversationViewStore.swift in Sources */ = {isa = PBXBuildFile; fileRef = 7E14D3782B01F46E00244549 /* TKConversationViewStore.swift */; };
		7E4A6CD92AFB2C100014DDB8 /* TKMainView.swift in Sources */ = {isa = PBXBuildFile; fileRef = 7E4A6CD82AFB2C100014DDB8 /* TKMainView.swift */; };
		7E4A6CDB2AFB2C350014DDB8 /* TKMainViewStore.swift in Sources */ = {isa = PBXBuildFile; fileRef = 7E4A6CDA2AFB2C350014DDB8 /* TKMainViewStore.swift */; };
		7E4A6CDD2AFB7F7C0014DDB8 /* TKOrbitCircles.swift in Sources */ = {isa = PBXBuildFile; fileRef = 7E4A6CDC2AFB7F7C0014DDB8 /* TKOrbitCircles.swift */; };
		7E4A6CDF2AFBAB980014DDB8 /* TKDraggableList.swift in Sources */ = {isa = PBXBuildFile; fileRef = 7E4A6CDE2AFBAB980014DDB8 /* TKDraggableList.swift */; };
		7E4A6CE12AFBABC90014DDB8 /* TKRecentConversationListView.swift in Sources */ = {isa = PBXBuildFile; fileRef = 7E4A6CE02AFBABC90014DDB8 /* TKRecentConversationListView.swift */; };
		7E6494CA2AFCD08100FB478C /* TKBreathingCircles.swift in Sources */ = {isa = PBXBuildFile; fileRef = 7E6494C92AFCD08100FB478C /* TKBreathingCircles.swift */; };
		7E8445DA2ADFB4FC00CFB8BC /* Color+Hex.swift in Sources */ = {isa = PBXBuildFile; fileRef = 7E8445D92ADFB4FC00CFB8BC /* Color+Hex.swift */; };
		7E8445DE2ADFBBD900CFB8BC /* TKColor.swift in Sources */ = {isa = PBXBuildFile; fileRef = 7E8445DD2ADFBBD900CFB8BC /* TKColor.swift */; };
		7E8D17D62ACE8AED00E904E5 /* talklatTests.swift in Sources */ = {isa = PBXBuildFile; fileRef = 7E8D17D52ACE8AED00E904E5 /* talklatTests.swift */; };
		7E8D17E02ACE8AED00E904E5 /* talklatUITests.swift in Sources */ = {isa = PBXBuildFile; fileRef = 7E8D17DF2ACE8AED00E904E5 /* talklatUITests.swift */; };
		7E8D17E22ACE8AED00E904E5 /* talklatUITestsLaunchTests.swift in Sources */ = {isa = PBXBuildFile; fileRef = 7E8D17E12ACE8AED00E904E5 /* talklatUITestsLaunchTests.swift */; };
		7EA146AD2AFFDFCF003A37CE /* EnvironmentValues+Namespace.swift in Sources */ = {isa = PBXBuildFile; fileRef = 7EA146AC2AFFDFCF003A37CE /* EnvironmentValues+Namespace.swift */; };
		7EA8A78B2AD502D600AFD687 /* GyroScopeStore.swift in Sources */ = {isa = PBXBuildFile; fileRef = 7EA8A78A2AD502D600AFD687 /* GyroScopeStore.swift */; };
		7EA9D34D2AFA19BE00A0EE99 /* TKReducer.swift in Sources */ = {isa = PBXBuildFile; fileRef = 7EA9D34C2AFA19BE00A0EE99 /* TKReducer.swift */; };
		7EAEEC9D2AFF43B20066B36C /* TKTypingView.swift in Sources */ = {isa = PBXBuildFile; fileRef = 7EAEEC9C2AFF43B20066B36C /* TKTypingView.swift */; };
		7EAEEC9F2AFF447F0066B36C /* TKListeningView.swift in Sources */ = {isa = PBXBuildFile; fileRef = 7EAEEC9E2AFF447F0066B36C /* TKListeningView.swift */; };
		7EAEECA12AFF8F810066B36C /* TKSavingView.swift in Sources */ = {isa = PBXBuildFile; fileRef = 7EAEECA02AFF8F810066B36C /* TKSavingView.swift */; };
		7EC836702B01F2DD00F20ADF /* TKConversationView.swift in Sources */ = {isa = PBXBuildFile; fileRef = 7E8906402ACEA31500C9947A /* TKConversationView.swift */; };
		7ED6BB142B00B2F5006D02DC /* TKScrollView.swift in Sources */ = {isa = PBXBuildFile; fileRef = 7ED6BB132B00B2F5006D02DC /* TKScrollView.swift */; };
		7ED9AA082ACE8E4300B1EA4E /* Preview Assets.xcassets in Resources */ = {isa = PBXBuildFile; fileRef = 7E8D17CB2ACE8AED00E904E5 /* Preview Assets.xcassets */; };
		7ED9AA092ACE8E4300B1EA4E /* Assets.xcassets in Resources */ = {isa = PBXBuildFile; fileRef = 7E8D17C82ACE8AED00E904E5 /* Assets.xcassets */; };
		7EE087E82ADD4FAE00E07720 /* TKHistoryView.swift in Sources */ = {isa = PBXBuildFile; fileRef = 7EE087E72ADD4FAE00E07720 /* TKHistoryView.swift */; };
		7EE71BAF2AF0F28E001C0A28 /* TKTransitionTestView.swift in Sources */ = {isa = PBXBuildFile; fileRef = 7EE71BAE2AF0F28E001C0A28 /* TKTransitionTestView.swift */; };
		7EF7378C2AD3C87700FCBA21 /* AppViewStore.swift in Sources */ = {isa = PBXBuildFile; fileRef = 7EF7378B2AD3C87700FCBA21 /* AppViewStore.swift */; };
		7EF737942AD3DE5600FCBA21 /* Constants.swift in Sources */ = {isa = PBXBuildFile; fileRef = 7EF737932AD3DE5600FCBA21 /* Constants.swift */; };
		7EF737972AD43EE000FCBA21 /* TKTextField.swift in Sources */ = {isa = PBXBuildFile; fileRef = 7EF737962AD43EE000FCBA21 /* TKTextField.swift */; };
		7EFA2C282AD506050013B533 /* talklatApp.swift in Sources */ = {isa = PBXBuildFile; fileRef = 7E8D17C42ACE8AEC00E904E5 /* talklatApp.swift */; };
		7EFA2C2B2AD51FC80013B533 /* Double+Degree.swift in Sources */ = {isa = PBXBuildFile; fileRef = 7EFA2C2A2AD51FC80013B533 /* Double+Degree.swift */; };
		7EFE53782AE6228300DF4D85 /* View+Keyboard.swift in Sources */ = {isa = PBXBuildFile; fileRef = 7EFE53772AE6228300DF4D85 /* View+Keyboard.swift */; };
		CE0CBF152B01157A0048C784 /* SectionHeaderView.swift in Sources */ = {isa = PBXBuildFile; fileRef = CE0CBF142B01157A0048C784 /* SectionHeaderView.swift */; };
		CE0CBF172B0115900048C784 /* ChatMessageCell.swift in Sources */ = {isa = PBXBuildFile; fileRef = CE0CBF162B0115900048C784 /* ChatMessageCell.swift */; };
		CE0CBF192B0115F80048C784 /* CustomTableViewController.swift in Sources */ = {isa = PBXBuildFile; fileRef = CE0CBF182B0115F80048C784 /* CustomTableViewController.swift */; };
		CE0CBF1B2B01160D0048C784 /* HistoryViewController.swift in Sources */ = {isa = PBXBuildFile; fileRef = CE0CBF1A2B01160D0048C784 /* HistoryViewController.swift */; };
		CE0CBF1F2B01186E0048C784 /* SheetWebView.swift in Sources */ = {isa = PBXBuildFile; fileRef = CE0CBF1E2B01186E0048C784 /* SheetWebView.swift */; };
		CE0CBF212B0118A70048C784 /* CustomHistoryViewControllerRepresentable.swift in Sources */ = {isa = PBXBuildFile; fileRef = CE0CBF202B0118A70048C784 /* CustomHistoryViewControllerRepresentable.swift */; };
		CE0CBF232B0119030048C784 /* CustomHistoryView.swift in Sources */ = {isa = PBXBuildFile; fileRef = CE0CBF222B0119030048C784 /* CustomHistoryView.swift */; };
		CE0CBF262B011EF70048C784 /* Date+Formatter.swift in Sources */ = {isa = PBXBuildFile; fileRef = CE0CBF252B011EF70048C784 /* Date+Formatter.swift */; };
		CE0CBF282B0122F70048C784 /* ChatMessage.swift in Sources */ = {isa = PBXBuildFile; fileRef = CE0CBF272B0122F70048C784 /* ChatMessage.swift */; };
		CE2744012AFBE08C006C2645 /* HistoryInfoItemView.swift in Sources */ = {isa = PBXBuildFile; fileRef = CE2744002AFBE08B006C2645 /* HistoryInfoItemView.swift */; };
		CE2744032AFBE0D3006C2645 /* HistoryItemLocationEditView.swift in Sources */ = {isa = PBXBuildFile; fileRef = CE2744022AFBE0D3006C2645 /* HistoryItemLocationEditView.swift */; };
		CE79CAEB2AF0CEC20007713B /* LocationStore.swift in Sources */ = {isa = PBXBuildFile; fileRef = CE79CAEA2AF0CEC20007713B /* LocationStore.swift */; };
		CEF43C482ADA97FF00DE02A9 /* HapticManager.swift in Sources */ = {isa = PBXBuildFile; fileRef = CEF43C472ADA97FF00DE02A9 /* HapticManager.swift */; };
		EF1162AB2AFCB90F000D0F5B /* HistoryListSearchView.swift in Sources */ = {isa = PBXBuildFile; fileRef = EF1162AA2AFCB90F000D0F5B /* HistoryListSearchView.swift */; };
		EF1162AE2AFCBB6F000D0F5B /* AWTextField.swift in Sources */ = {isa = PBXBuildFile; fileRef = EF1162AD2AFCBB6F000D0F5B /* AWTextField.swift */; };
		EF1162B02AFCEBD7000D0F5B /* TKUnavailableViewBuilder.swift in Sources */ = {isa = PBXBuildFile; fileRef = EF1162AF2AFCEBD7000D0F5B /* TKUnavailableViewBuilder.swift */; };
		EF1162B22AFCF30C000D0F5B /* SearchBarView.swift in Sources */ = {isa = PBXBuildFile; fileRef = EF1162B12AFCF30C000D0F5B /* SearchBarView.swift */; };
		EF67C64B2ACEB67000C1074E /* SpeechRecognizer.swift in Sources */ = {isa = PBXBuildFile; fileRef = EF67C64A2ACEB67000C1074E /* SpeechRecognizer.swift */; };
		EF67C6532AD13BF700C1074E /* AppRootManager.swift in Sources */ = {isa = PBXBuildFile; fileRef = EF67C6522AD13BF700C1074E /* AppRootManager.swift */; };
		EF67C6572AD1414300C1074E /* AuthorizationRequestView.swift in Sources */ = {isa = PBXBuildFile; fileRef = EF67C6562AD1414300C1074E /* AuthorizationRequestView.swift */; };
		EF7938972AFB748100402A4E /* HistoryListView.swift in Sources */ = {isa = PBXBuildFile; fileRef = EF7938962AFB748100402A4E /* HistoryListView.swift */; };
		EF79389B2AFB754200402A4E /* SampleTKConversation.swift in Sources */ = {isa = PBXBuildFile; fileRef = EF79389A2AFB754100402A4E /* SampleTKConversation.swift */; };
		EF90C51F2AE0B39B00A95BD7 /* ScrollContainer.swift in Sources */ = {isa = PBXBuildFile; fileRef = EF90C51E2AE0B39B00A95BD7 /* ScrollContainer.swift */; };
		EF90C5212AE0FE9E00A95BD7 /* SwipeGuideMessage.swift in Sources */ = {isa = PBXBuildFile; fileRef = EF90C5202AE0FE9E00A95BD7 /* SwipeGuideMessage.swift */; };
		EFA9EDA22AF35CC40099AB56 /* TKGuidingView.swift in Sources */ = {isa = PBXBuildFile; fileRef = EFA9EDA12AF35CC40099AB56 /* TKGuidingView.swift */; };
		EFA9EDA42AF3D6E60099AB56 /* ScrollOffsetObserver.swift in Sources */ = {isa = PBXBuildFile; fileRef = EFA9EDA32AF3D6E60099AB56 /* ScrollOffsetObserver.swift */; };
/* End PBXBuildFile section */

/* Begin PBXContainerItemProxy section */
		7E8D17D22ACE8AED00E904E5 /* PBXContainerItemProxy */ = {
			isa = PBXContainerItemProxy;
			containerPortal = 7E8D17B92ACE8AEC00E904E5 /* Project object */;
			proxyType = 1;
			remoteGlobalIDString = 7E8D17C02ACE8AEC00E904E5;
			remoteInfo = talklat;
		};
		7E8D17DC2ACE8AED00E904E5 /* PBXContainerItemProxy */ = {
			isa = PBXContainerItemProxy;
			containerPortal = 7E8D17B92ACE8AEC00E904E5 /* Project object */;
			proxyType = 1;
			remoteGlobalIDString = 7E8D17C02ACE8AEC00E904E5;
			remoteInfo = talklat;
		};
/* End PBXContainerItemProxy section */

/* Begin PBXFileReference section */
		575677DE2AD6BE47002E01BE /* SignalExtractor.swift */ = {isa = PBXFileReference; lastKnownFileType = sourcecode.swift; path = SignalExtractor.swift; sourceTree = "<group>"; };
		575677E02ADA6F13002E01BE /* TLTextField.swift */ = {isa = PBXFileReference; lastKnownFileType = sourcecode.swift; path = TLTextField.swift; sourceTree = "<group>"; };
		57806D702ADC5D19003A7B19 /* TestHistoryView.swift */ = {isa = PBXFileReference; lastKnownFileType = sourcecode.swift; path = TestHistoryView.swift; sourceTree = "<group>"; };
		57806D7F2AE28ED3003A7B19 /* HistoryItem.swift */ = {isa = PBXFileReference; lastKnownFileType = sourcecode.swift; path = HistoryItem.swift; sourceTree = "<group>"; };
		57E76EB62ACEC91A00D79553 /* StaffSpeechView.swift */ = {isa = PBXFileReference; lastKnownFileType = sourcecode.swift; path = StaffSpeechView.swift; sourceTree = "<group>"; };
		7E14D3782B01F46E00244549 /* TKConversationViewStore.swift */ = {isa = PBXFileReference; fileEncoding = 4; lastKnownFileType = sourcecode.swift; path = TKConversationViewStore.swift; sourceTree = "<group>"; };
		7E4A6CD82AFB2C100014DDB8 /* TKMainView.swift */ = {isa = PBXFileReference; lastKnownFileType = sourcecode.swift; path = TKMainView.swift; sourceTree = "<group>"; };
		7E4A6CDA2AFB2C350014DDB8 /* TKMainViewStore.swift */ = {isa = PBXFileReference; lastKnownFileType = sourcecode.swift; path = TKMainViewStore.swift; sourceTree = "<group>"; };
		7E4A6CDC2AFB7F7C0014DDB8 /* TKOrbitCircles.swift */ = {isa = PBXFileReference; lastKnownFileType = sourcecode.swift; path = TKOrbitCircles.swift; sourceTree = "<group>"; };
		7E4A6CDE2AFBAB980014DDB8 /* TKDraggableList.swift */ = {isa = PBXFileReference; lastKnownFileType = sourcecode.swift; path = TKDraggableList.swift; sourceTree = "<group>"; };
		7E4A6CE02AFBABC90014DDB8 /* TKRecentConversationListView.swift */ = {isa = PBXFileReference; lastKnownFileType = sourcecode.swift; path = TKRecentConversationListView.swift; sourceTree = "<group>"; };
		7E6494C92AFCD08100FB478C /* TKBreathingCircles.swift */ = {isa = PBXFileReference; lastKnownFileType = sourcecode.swift; path = TKBreathingCircles.swift; sourceTree = "<group>"; };
		7E8445D92ADFB4FC00CFB8BC /* Color+Hex.swift */ = {isa = PBXFileReference; lastKnownFileType = sourcecode.swift; path = "Color+Hex.swift"; sourceTree = "<group>"; };
		7E8445DD2ADFBBD900CFB8BC /* TKColor.swift */ = {isa = PBXFileReference; lastKnownFileType = sourcecode.swift; path = TKColor.swift; sourceTree = "<group>"; };
		7E8906402ACEA31500C9947A /* TKConversationView.swift */ = {isa = PBXFileReference; lastKnownFileType = sourcecode.swift; path = TKConversationView.swift; sourceTree = "<group>"; };
		7E8D17C12ACE8AEC00E904E5 /* talklat.app */ = {isa = PBXFileReference; explicitFileType = wrapper.application; includeInIndex = 0; path = talklat.app; sourceTree = BUILT_PRODUCTS_DIR; };
		7E8D17C42ACE8AEC00E904E5 /* talklatApp.swift */ = {isa = PBXFileReference; lastKnownFileType = sourcecode.swift; path = talklatApp.swift; sourceTree = "<group>"; };
		7E8D17C82ACE8AED00E904E5 /* Assets.xcassets */ = {isa = PBXFileReference; lastKnownFileType = folder.assetcatalog; path = Assets.xcassets; sourceTree = "<group>"; };
		7E8D17CB2ACE8AED00E904E5 /* Preview Assets.xcassets */ = {isa = PBXFileReference; lastKnownFileType = folder.assetcatalog; path = "Preview Assets.xcassets"; sourceTree = "<group>"; };
		7E8D17D12ACE8AED00E904E5 /* talklatTests.xctest */ = {isa = PBXFileReference; explicitFileType = wrapper.cfbundle; includeInIndex = 0; path = talklatTests.xctest; sourceTree = BUILT_PRODUCTS_DIR; };
		7E8D17D52ACE8AED00E904E5 /* talklatTests.swift */ = {isa = PBXFileReference; lastKnownFileType = sourcecode.swift; path = talklatTests.swift; sourceTree = "<group>"; };
		7E8D17DB2ACE8AED00E904E5 /* talklatUITests.xctest */ = {isa = PBXFileReference; explicitFileType = wrapper.cfbundle; includeInIndex = 0; path = talklatUITests.xctest; sourceTree = BUILT_PRODUCTS_DIR; };
		7E8D17DF2ACE8AED00E904E5 /* talklatUITests.swift */ = {isa = PBXFileReference; lastKnownFileType = sourcecode.swift; path = talklatUITests.swift; sourceTree = "<group>"; };
		7E8D17E12ACE8AED00E904E5 /* talklatUITestsLaunchTests.swift */ = {isa = PBXFileReference; lastKnownFileType = sourcecode.swift; path = talklatUITestsLaunchTests.swift; sourceTree = "<group>"; };
		7EA146AC2AFFDFCF003A37CE /* EnvironmentValues+Namespace.swift */ = {isa = PBXFileReference; lastKnownFileType = sourcecode.swift; path = "EnvironmentValues+Namespace.swift"; sourceTree = "<group>"; };
		7EA8A78A2AD502D600AFD687 /* GyroScopeStore.swift */ = {isa = PBXFileReference; fileEncoding = 4; lastKnownFileType = sourcecode.swift; path = GyroScopeStore.swift; sourceTree = "<group>"; };
		7EA9D34C2AFA19BE00A0EE99 /* TKReducer.swift */ = {isa = PBXFileReference; lastKnownFileType = sourcecode.swift; path = TKReducer.swift; sourceTree = "<group>"; };
		7EAEEC9C2AFF43B20066B36C /* TKTypingView.swift */ = {isa = PBXFileReference; lastKnownFileType = sourcecode.swift; path = TKTypingView.swift; sourceTree = "<group>"; };
		7EAEEC9E2AFF447F0066B36C /* TKListeningView.swift */ = {isa = PBXFileReference; lastKnownFileType = sourcecode.swift; path = TKListeningView.swift; sourceTree = "<group>"; };
		7EAEECA02AFF8F810066B36C /* TKSavingView.swift */ = {isa = PBXFileReference; lastKnownFileType = sourcecode.swift; path = TKSavingView.swift; sourceTree = "<group>"; };
		7ED6BB132B00B2F5006D02DC /* TKScrollView.swift */ = {isa = PBXFileReference; lastKnownFileType = sourcecode.swift; path = TKScrollView.swift; sourceTree = "<group>"; };
		7EE087E72ADD4FAE00E07720 /* TKHistoryView.swift */ = {isa = PBXFileReference; lastKnownFileType = sourcecode.swift; path = TKHistoryView.swift; sourceTree = "<group>"; };
		7EE71BAE2AF0F28E001C0A28 /* TKTransitionTestView.swift */ = {isa = PBXFileReference; lastKnownFileType = sourcecode.swift; path = TKTransitionTestView.swift; sourceTree = "<group>"; };
		7EF7378B2AD3C87700FCBA21 /* AppViewStore.swift */ = {isa = PBXFileReference; lastKnownFileType = sourcecode.swift; path = AppViewStore.swift; sourceTree = "<group>"; };
		7EF737932AD3DE5600FCBA21 /* Constants.swift */ = {isa = PBXFileReference; lastKnownFileType = sourcecode.swift; path = Constants.swift; sourceTree = "<group>"; };
		7EF737962AD43EE000FCBA21 /* TKTextField.swift */ = {isa = PBXFileReference; lastKnownFileType = sourcecode.swift; path = TKTextField.swift; sourceTree = "<group>"; };
		7EFA2C2A2AD51FC80013B533 /* Double+Degree.swift */ = {isa = PBXFileReference; lastKnownFileType = sourcecode.swift; path = "Double+Degree.swift"; sourceTree = "<group>"; };
		7EFE53772AE6228300DF4D85 /* View+Keyboard.swift */ = {isa = PBXFileReference; lastKnownFileType = sourcecode.swift; path = "View+Keyboard.swift"; sourceTree = "<group>"; };
		CE0CBF142B01157A0048C784 /* SectionHeaderView.swift */ = {isa = PBXFileReference; lastKnownFileType = sourcecode.swift; path = SectionHeaderView.swift; sourceTree = "<group>"; };
		CE0CBF162B0115900048C784 /* ChatMessageCell.swift */ = {isa = PBXFileReference; lastKnownFileType = sourcecode.swift; path = ChatMessageCell.swift; sourceTree = "<group>"; };
		CE0CBF182B0115F80048C784 /* CustomTableViewController.swift */ = {isa = PBXFileReference; lastKnownFileType = sourcecode.swift; path = CustomTableViewController.swift; sourceTree = "<group>"; };
		CE0CBF1A2B01160D0048C784 /* HistoryViewController.swift */ = {isa = PBXFileReference; lastKnownFileType = sourcecode.swift; path = HistoryViewController.swift; sourceTree = "<group>"; };
		CE0CBF1E2B01186E0048C784 /* SheetWebView.swift */ = {isa = PBXFileReference; lastKnownFileType = sourcecode.swift; path = SheetWebView.swift; sourceTree = "<group>"; };
		CE0CBF202B0118A70048C784 /* CustomHistoryViewControllerRepresentable.swift */ = {isa = PBXFileReference; lastKnownFileType = sourcecode.swift; path = CustomHistoryViewControllerRepresentable.swift; sourceTree = "<group>"; };
		CE0CBF222B0119030048C784 /* CustomHistoryView.swift */ = {isa = PBXFileReference; lastKnownFileType = sourcecode.swift; path = CustomHistoryView.swift; sourceTree = "<group>"; };
		CE0CBF252B011EF70048C784 /* Date+Formatter.swift */ = {isa = PBXFileReference; lastKnownFileType = sourcecode.swift; path = "Date+Formatter.swift"; sourceTree = "<group>"; };
		CE0CBF272B0122F70048C784 /* ChatMessage.swift */ = {isa = PBXFileReference; lastKnownFileType = sourcecode.swift; path = ChatMessage.swift; sourceTree = "<group>"; };
		CE2744002AFBE08B006C2645 /* HistoryInfoItemView.swift */ = {isa = PBXFileReference; lastKnownFileType = sourcecode.swift; path = HistoryInfoItemView.swift; sourceTree = "<group>"; };
		CE2744022AFBE0D3006C2645 /* HistoryItemLocationEditView.swift */ = {isa = PBXFileReference; lastKnownFileType = sourcecode.swift; path = HistoryItemLocationEditView.swift; sourceTree = "<group>"; };
		CE79CAEA2AF0CEC20007713B /* LocationStore.swift */ = {isa = PBXFileReference; lastKnownFileType = sourcecode.swift; path = LocationStore.swift; sourceTree = "<group>"; };
		CEF43C472ADA97FF00DE02A9 /* HapticManager.swift */ = {isa = PBXFileReference; lastKnownFileType = sourcecode.swift; path = HapticManager.swift; sourceTree = "<group>"; };
		EF1162AA2AFCB90F000D0F5B /* HistoryListSearchView.swift */ = {isa = PBXFileReference; lastKnownFileType = sourcecode.swift; path = HistoryListSearchView.swift; sourceTree = "<group>"; };
		EF1162AD2AFCBB6F000D0F5B /* AWTextField.swift */ = {isa = PBXFileReference; lastKnownFileType = sourcecode.swift; path = AWTextField.swift; sourceTree = "<group>"; };
		EF1162AF2AFCEBD7000D0F5B /* TKUnavailableViewBuilder.swift */ = {isa = PBXFileReference; lastKnownFileType = sourcecode.swift; path = TKUnavailableViewBuilder.swift; sourceTree = "<group>"; };
		EF1162B12AFCF30C000D0F5B /* SearchBarView.swift */ = {isa = PBXFileReference; lastKnownFileType = sourcecode.swift; path = SearchBarView.swift; sourceTree = "<group>"; };
		EF67C64A2ACEB67000C1074E /* SpeechRecognizer.swift */ = {isa = PBXFileReference; lastKnownFileType = sourcecode.swift; path = SpeechRecognizer.swift; sourceTree = "<group>"; };
		EF67C6522AD13BF700C1074E /* AppRootManager.swift */ = {isa = PBXFileReference; lastKnownFileType = sourcecode.swift; path = AppRootManager.swift; sourceTree = "<group>"; };
		EF67C6562AD1414300C1074E /* AuthorizationRequestView.swift */ = {isa = PBXFileReference; lastKnownFileType = sourcecode.swift; path = AuthorizationRequestView.swift; sourceTree = "<group>"; };
		EF7938962AFB748100402A4E /* HistoryListView.swift */ = {isa = PBXFileReference; lastKnownFileType = sourcecode.swift; path = HistoryListView.swift; sourceTree = "<group>"; };
		EF79389A2AFB754100402A4E /* SampleTKConversation.swift */ = {isa = PBXFileReference; lastKnownFileType = sourcecode.swift; path = SampleTKConversation.swift; sourceTree = "<group>"; };
		EF90C51E2AE0B39B00A95BD7 /* ScrollContainer.swift */ = {isa = PBXFileReference; lastKnownFileType = sourcecode.swift; path = ScrollContainer.swift; sourceTree = "<group>"; };
		EF90C5202AE0FE9E00A95BD7 /* SwipeGuideMessage.swift */ = {isa = PBXFileReference; lastKnownFileType = sourcecode.swift; path = SwipeGuideMessage.swift; sourceTree = "<group>"; };
		EFA9EDA12AF35CC40099AB56 /* TKGuidingView.swift */ = {isa = PBXFileReference; fileEncoding = 4; lastKnownFileType = sourcecode.swift; path = TKGuidingView.swift; sourceTree = "<group>"; };
		EFA9EDA32AF3D6E60099AB56 /* ScrollOffsetObserver.swift */ = {isa = PBXFileReference; lastKnownFileType = sourcecode.swift; path = ScrollOffsetObserver.swift; sourceTree = "<group>"; };
/* End PBXFileReference section */

/* Begin PBXFrameworksBuildPhase section */
		7E8D17BE2ACE8AEC00E904E5 /* Frameworks */ = {
			isa = PBXFrameworksBuildPhase;
			buildActionMask = 2147483647;
			files = (
			);
			runOnlyForDeploymentPostprocessing = 0;
		};
		7E8D17CE2ACE8AED00E904E5 /* Frameworks */ = {
			isa = PBXFrameworksBuildPhase;
			buildActionMask = 2147483647;
			files = (
			);
			runOnlyForDeploymentPostprocessing = 0;
		};
		7E8D17D82ACE8AED00E904E5 /* Frameworks */ = {
			isa = PBXFrameworksBuildPhase;
			buildActionMask = 2147483647;
			files = (
			);
			runOnlyForDeploymentPostprocessing = 0;
		};
/* End PBXFrameworksBuildPhase section */

/* Begin PBXGroup section */
		57806D7E2AE28E85003A7B19 /* Models */ = {
			isa = PBXGroup;
			children = (
				57806D7F2AE28ED3003A7B19 /* HistoryItem.swift */,
				CE0CBF272B0122F70048C784 /* ChatMessage.swift */,
				EF79389A2AFB754100402A4E /* SampleTKConversation.swift */,
			);
			path = Models;
			sourceTree = "<group>";
		};
		7E4A6CD72AFB2C030014DDB8 /* Main */ = {
			isa = PBXGroup;
			children = (
				7E4A6CD82AFB2C100014DDB8 /* TKMainView.swift */,
				7E4A6CDE2AFBAB980014DDB8 /* TKDraggableList.swift */,
				7E4A6CE02AFBABC90014DDB8 /* TKRecentConversationListView.swift */,
			);
			path = Main;
			sourceTree = "<group>";
		};
		7E8D17B82ACE8AEC00E904E5 = {
			isa = PBXGroup;
			children = (
				7E8D17C32ACE8AEC00E904E5 /* talklat */,
				7E8D17D42ACE8AED00E904E5 /* talklatTests */,
				7E8D17DE2ACE8AED00E904E5 /* talklatUITests */,
				7E8D17C22ACE8AEC00E904E5 /* Products */,
			);
			sourceTree = "<group>";
		};
		7E8D17C22ACE8AEC00E904E5 /* Products */ = {
			isa = PBXGroup;
			children = (
				7E8D17C12ACE8AEC00E904E5 /* talklat.app */,
				7E8D17D12ACE8AED00E904E5 /* talklatTests.xctest */,
				7E8D17DB2ACE8AED00E904E5 /* talklatUITests.xctest */,
			);
			name = Products;
			sourceTree = "<group>";
		};
		7E8D17C32ACE8AEC00E904E5 /* talklat */ = {
			isa = PBXGroup;
			children = (
				7E8D17C42ACE8AEC00E904E5 /* talklatApp.swift */,
				7E8D17EF2ACE8B8900E904E5 /* Sources */,
				7E8D17EE2ACE8B1400E904E5 /* Resources */,
			);
			path = talklat;
			sourceTree = "<group>";
		};
		7E8D17CA2ACE8AED00E904E5 /* Preview Content */ = {
			isa = PBXGroup;
			children = (
				7E8D17CB2ACE8AED00E904E5 /* Preview Assets.xcassets */,
			);
			path = "Preview Content";
			sourceTree = "<group>";
		};
		7E8D17D42ACE8AED00E904E5 /* talklatTests */ = {
			isa = PBXGroup;
			children = (
				7E8D17D52ACE8AED00E904E5 /* talklatTests.swift */,
			);
			path = talklatTests;
			sourceTree = "<group>";
		};
		7E8D17DE2ACE8AED00E904E5 /* talklatUITests */ = {
			isa = PBXGroup;
			children = (
				7E8D17DF2ACE8AED00E904E5 /* talklatUITests.swift */,
				7E8D17E12ACE8AED00E904E5 /* talklatUITestsLaunchTests.swift */,
			);
			path = talklatUITests;
			sourceTree = "<group>";
		};
		7E8D17EE2ACE8B1400E904E5 /* Resources */ = {
			isa = PBXGroup;
			children = (
				7E8D17CA2ACE8AED00E904E5 /* Preview Content */,
				7E8D17C82ACE8AED00E904E5 /* Assets.xcassets */,
			);
			path = Resources;
			sourceTree = "<group>";
		};
		7E8D17EF2ACE8B8900E904E5 /* Sources */ = {
			isa = PBXGroup;
			children = (
				7EE909BE2AFA6B6A0048AF77 /* Protocols */,
				57806D7E2AE28E85003A7B19 /* Models */,
				7EF737922AD3DE4C00FCBA21 /* Utilities */,
				7EF7378D2AD3D23F00FCBA21 /* Stores */,
				EF67C6492ACEB65400C1074E /* Managers */,
				7E8D17F02ACE8BA300E904E5 /* Views */,
			);
			path = Sources;
			sourceTree = "<group>";
		};
		7E8D17F02ACE8BA300E904E5 /* Views */ = {
			isa = PBXGroup;
			children = (
				CE0CBF242B011BBA0048C784 /* CustomHistoryViewController */,
				EF7938952AFB746D00402A4E /* History */,
				7E4A6CD72AFB2C030014DDB8 /* Main */,
				7EE71BAC2AF0E175001C0A28 /* Conversation */,
				7EF737952AD43E8300FCBA21 /* Components */,
				EF67C6562AD1414300C1074E /* AuthorizationRequestView.swift */,
				57E76EB62ACEC91A00D79553 /* StaffSpeechView.swift */,
				EF90C51E2AE0B39B00A95BD7 /* ScrollContainer.swift */,
				EF90C5202AE0FE9E00A95BD7 /* SwipeGuideMessage.swift */,
				7EE087E72ADD4FAE00E07720 /* TKHistoryView.swift */,
				57806D702ADC5D19003A7B19 /* TestHistoryView.swift */,
				CE2744002AFBE08B006C2645 /* HistoryInfoItemView.swift */,
				CE2744022AFBE0D3006C2645 /* HistoryItemLocationEditView.swift */,
				EFA9EDA32AF3D6E60099AB56 /* ScrollOffsetObserver.swift */,
				CE0CBF222B0119030048C784 /* CustomHistoryView.swift */,
			);
			path = Views;
			sourceTree = "<group>";
		};
		7EE71BAC2AF0E175001C0A28 /* Conversation */ = {
			isa = PBXGroup;
			children = (
				7E8906402ACEA31500C9947A /* TKConversationView.swift */,
				7EAEEC9C2AFF43B20066B36C /* TKTypingView.swift */,
				EFA9EDA12AF35CC40099AB56 /* TKGuidingView.swift */,
				7EAEEC9E2AFF447F0066B36C /* TKListeningView.swift */,
				7EAEECA02AFF8F810066B36C /* TKSavingView.swift */,
				7EE71BAE2AF0F28E001C0A28 /* TKTransitionTestView.swift */,
			);
			path = Conversation;
			sourceTree = "<group>";
		};
		7EE909BE2AFA6B6A0048AF77 /* Protocols */ = {
			isa = PBXGroup;
			children = (
				7EA9D34C2AFA19BE00A0EE99 /* TKReducer.swift */,
			);
			path = Protocols;
			sourceTree = "<group>";
		};
		7EF7378D2AD3D23F00FCBA21 /* Stores */ = {
			isa = PBXGroup;
			children = (
				7EF7378B2AD3C87700FCBA21 /* AppViewStore.swift */,
				7EA8A78A2AD502D600AFD687 /* GyroScopeStore.swift */,
				7E14D3782B01F46E00244549 /* TKConversationViewStore.swift */,
				7E4A6CDA2AFB2C350014DDB8 /* TKMainViewStore.swift */,
				CE79CAEA2AF0CEC20007713B /* LocationStore.swift */,
			);
			path = Stores;
			sourceTree = "<group>";
		};
		7EF737922AD3DE4C00FCBA21 /* Utilities */ = {
			isa = PBXGroup;
			children = (
				7EFA2C292AD51FBC0013B533 /* Extensions */,
				7EF737932AD3DE5600FCBA21 /* Constants.swift */,
			);
			path = Utilities;
			sourceTree = "<group>";
		};
		7EF737952AD43E8300FCBA21 /* Components */ = {
			isa = PBXGroup;
			children = (
				7EF737962AD43EE000FCBA21 /* TKTextField.swift */,
				7E8445DD2ADFBBD900CFB8BC /* TKColor.swift */,
				575677E02ADA6F13002E01BE /* TLTextField.swift */,
				7ED6BB132B00B2F5006D02DC /* TKScrollView.swift */,
				EF1162AD2AFCBB6F000D0F5B /* AWTextField.swift */,
				7E4A6CDC2AFB7F7C0014DDB8 /* TKOrbitCircles.swift */,
				7E6494C92AFCD08100FB478C /* TKBreathingCircles.swift */,
			);
			path = Components;
			sourceTree = "<group>";
		};
		7EFA2C292AD51FBC0013B533 /* Extensions */ = {
			isa = PBXGroup;
			children = (
				7EFA2C2A2AD51FC80013B533 /* Double+Degree.swift */,
				7E8445D92ADFB4FC00CFB8BC /* Color+Hex.swift */,
				7EFE53772AE6228300DF4D85 /* View+Keyboard.swift */,
				CE0CBF252B011EF70048C784 /* Date+Formatter.swift */,
				7EA146AC2AFFDFCF003A37CE /* EnvironmentValues+Namespace.swift */,
			);
			path = Extensions;
			sourceTree = "<group>";
		};
		CE0CBF242B011BBA0048C784 /* CustomHistoryViewController */ = {
			isa = PBXGroup;
			children = (
				CE0CBF202B0118A70048C784 /* CustomHistoryViewControllerRepresentable.swift */,
				CE0CBF142B01157A0048C784 /* SectionHeaderView.swift */,
				CE0CBF162B0115900048C784 /* ChatMessageCell.swift */,
				CE0CBF182B0115F80048C784 /* CustomTableViewController.swift */,
				CE0CBF1E2B01186E0048C784 /* SheetWebView.swift */,
				CE0CBF1A2B01160D0048C784 /* HistoryViewController.swift */,
			);
			path = CustomHistoryViewController;
			sourceTree = "<group>";
		};
		EF67C6492ACEB65400C1074E /* Managers */ = {
			isa = PBXGroup;
			children = (
				EF67C6522AD13BF700C1074E /* AppRootManager.swift */,
				575677DE2AD6BE47002E01BE /* SignalExtractor.swift */,
				EF67C64A2ACEB67000C1074E /* SpeechRecognizer.swift */,
				CEF43C472ADA97FF00DE02A9 /* HapticManager.swift */,
			);
			path = Managers;
			sourceTree = "<group>";
		};
		EF7938952AFB746D00402A4E /* History */ = {
			isa = PBXGroup;
			children = (
				EF7938962AFB748100402A4E /* HistoryListView.swift */,
				EF1162AA2AFCB90F000D0F5B /* HistoryListSearchView.swift */,
				EF1162B12AFCF30C000D0F5B /* SearchBarView.swift */,
				EF1162AF2AFCEBD7000D0F5B /* TKUnavailableViewBuilder.swift */,
			);
			path = History;
			sourceTree = "<group>";
		};
/* End PBXGroup section */

/* Begin PBXNativeTarget section */
		7E8D17C02ACE8AEC00E904E5 /* talklat */ = {
			isa = PBXNativeTarget;
			buildConfigurationList = 7E8D17E52ACE8AED00E904E5 /* Build configuration list for PBXNativeTarget "talklat" */;
			buildPhases = (
				7E8D17BD2ACE8AEC00E904E5 /* Sources */,
				7E8D17BE2ACE8AEC00E904E5 /* Frameworks */,
				7E8D17BF2ACE8AEC00E904E5 /* Resources */,
			);
			buildRules = (
			);
			dependencies = (
			);
			name = talklat;
			productName = talklat;
			productReference = 7E8D17C12ACE8AEC00E904E5 /* talklat.app */;
			productType = "com.apple.product-type.application";
		};
		7E8D17D02ACE8AED00E904E5 /* talklatTests */ = {
			isa = PBXNativeTarget;
			buildConfigurationList = 7E8D17E82ACE8AED00E904E5 /* Build configuration list for PBXNativeTarget "talklatTests" */;
			buildPhases = (
				7E8D17CD2ACE8AED00E904E5 /* Sources */,
				7E8D17CE2ACE8AED00E904E5 /* Frameworks */,
				7E8D17CF2ACE8AED00E904E5 /* Resources */,
			);
			buildRules = (
			);
			dependencies = (
				7E8D17D32ACE8AED00E904E5 /* PBXTargetDependency */,
			);
			name = talklatTests;
			productName = talklatTests;
			productReference = 7E8D17D12ACE8AED00E904E5 /* talklatTests.xctest */;
			productType = "com.apple.product-type.bundle.unit-test";
		};
		7E8D17DA2ACE8AED00E904E5 /* talklatUITests */ = {
			isa = PBXNativeTarget;
			buildConfigurationList = 7E8D17EB2ACE8AED00E904E5 /* Build configuration list for PBXNativeTarget "talklatUITests" */;
			buildPhases = (
				7E8D17D72ACE8AED00E904E5 /* Sources */,
				7E8D17D82ACE8AED00E904E5 /* Frameworks */,
				7E8D17D92ACE8AED00E904E5 /* Resources */,
			);
			buildRules = (
			);
			dependencies = (
				7E8D17DD2ACE8AED00E904E5 /* PBXTargetDependency */,
			);
			name = talklatUITests;
			productName = talklatUITests;
			productReference = 7E8D17DB2ACE8AED00E904E5 /* talklatUITests.xctest */;
			productType = "com.apple.product-type.bundle.ui-testing";
		};
/* End PBXNativeTarget section */

/* Begin PBXProject section */
		7E8D17B92ACE8AEC00E904E5 /* Project object */ = {
			isa = PBXProject;
			attributes = {
				BuildIndependentTargetsInParallel = 1;
				LastSwiftUpdateCheck = 1420;
				LastUpgradeCheck = 1500;
				TargetAttributes = {
					7E8D17C02ACE8AEC00E904E5 = {
						CreatedOnToolsVersion = 14.2;
					};
					7E8D17D02ACE8AED00E904E5 = {
						CreatedOnToolsVersion = 14.2;
						TestTargetID = 7E8D17C02ACE8AEC00E904E5;
					};
					7E8D17DA2ACE8AED00E904E5 = {
						CreatedOnToolsVersion = 14.2;
						TestTargetID = 7E8D17C02ACE8AEC00E904E5;
					};
				};
			};
			buildConfigurationList = 7E8D17BC2ACE8AEC00E904E5 /* Build configuration list for PBXProject "talklat" */;
			compatibilityVersion = "Xcode 14.0";
			developmentRegion = en;
			hasScannedForEncodings = 0;
			knownRegions = (
				en,
				Base,
			);
			mainGroup = 7E8D17B82ACE8AEC00E904E5;
			productRefGroup = 7E8D17C22ACE8AEC00E904E5 /* Products */;
			projectDirPath = "";
			projectRoot = "";
			targets = (
				7E8D17C02ACE8AEC00E904E5 /* talklat */,
				7E8D17D02ACE8AED00E904E5 /* talklatTests */,
				7E8D17DA2ACE8AED00E904E5 /* talklatUITests */,
			);
		};
/* End PBXProject section */

/* Begin PBXResourcesBuildPhase section */
		7E8D17BF2ACE8AEC00E904E5 /* Resources */ = {
			isa = PBXResourcesBuildPhase;
			buildActionMask = 2147483647;
			files = (
				7ED9AA082ACE8E4300B1EA4E /* Preview Assets.xcassets in Resources */,
				7ED9AA092ACE8E4300B1EA4E /* Assets.xcassets in Resources */,
			);
			runOnlyForDeploymentPostprocessing = 0;
		};
		7E8D17CF2ACE8AED00E904E5 /* Resources */ = {
			isa = PBXResourcesBuildPhase;
			buildActionMask = 2147483647;
			files = (
			);
			runOnlyForDeploymentPostprocessing = 0;
		};
		7E8D17D92ACE8AED00E904E5 /* Resources */ = {
			isa = PBXResourcesBuildPhase;
			buildActionMask = 2147483647;
			files = (
			);
			runOnlyForDeploymentPostprocessing = 0;
		};
/* End PBXResourcesBuildPhase section */

/* Begin PBXSourcesBuildPhase section */
		7E8D17BD2ACE8AEC00E904E5 /* Sources */ = {
			isa = PBXSourcesBuildPhase;
			buildActionMask = 2147483647;
			files = (
				7EC836702B01F2DD00F20ADF /* TKConversationView.swift in Sources */,
				7E6494CA2AFCD08100FB478C /* TKBreathingCircles.swift in Sources */,
				CE2744032AFBE0D3006C2645 /* HistoryItemLocationEditView.swift in Sources */,
				7EFA2C282AD506050013B533 /* talklatApp.swift in Sources */,
				CE2744012AFBE08C006C2645 /* HistoryInfoItemView.swift in Sources */,
				575677E12ADA6F13002E01BE /* TLTextField.swift in Sources */,
				CE0CBF212B0118A70048C784 /* CustomHistoryViewControllerRepresentable.swift in Sources */,
				7EF737912AD3DCF900FCBA21 /* TKRecordingView.swift in Sources */,
				7E8906412ACEA31500C9947A /* TKConversationView.swift in Sources */,
				7E4A6CD92AFB2C100014DDB8 /* TKMainView.swift in Sources */,
				7E4A6CDF2AFBAB980014DDB8 /* TKDraggableList.swift in Sources */,
				575677DF2AD6BE47002E01BE /* SignalExtractor.swift in Sources */,
				7EE71BAF2AF0F28E001C0A28 /* TKTransitionTestView.swift in Sources */,
				CEF43C482ADA97FF00DE02A9 /* HapticManager.swift in Sources */,
				EF90C5212AE0FE9E00A95BD7 /* SwipeGuideMessage.swift in Sources */,
				EF1162B22AFCF30C000D0F5B /* SearchBarView.swift in Sources */,
				7E8906412ACEA31500C9947A /* TKConversationView.swift in Sources */,
				7EF737942AD3DE5600FCBA21 /* Constants.swift in Sources */,
				EF7938972AFB748100402A4E /* HistoryListView.swift in Sources */,
				7EF737942AD3DE5600FCBA21 /* Constants.swift in Sources */,
				CE0CBF152B01157A0048C784 /* SectionHeaderView.swift in Sources */,
				7E4A6CE12AFBABC90014DDB8 /* TKRecentConversationListView.swift in Sources */,
				7EF7378C2AD3C87700FCBA21 /* AppViewStore.swift in Sources */,
				7EFA2C2B2AD51FC80013B533 /* Double+Degree.swift in Sources */,
				CE0CBF282B0122F70048C784 /* ChatMessage.swift in Sources */,
				EF90C51F2AE0B39B00A95BD7 /* ScrollContainer.swift in Sources */,
				CE0CBF1B2B01160D0048C784 /* HistoryViewController.swift in Sources */,
				7E8445DE2ADFBBD900CFB8BC /* TKColor.swift in Sources */,
				7EA9D34D2AFA19BE00A0EE99 /* TKReducer.swift in Sources */,
				7EF737972AD43EE000FCBA21 /* TKTextField.swift in Sources */,
				7E8445DA2ADFB4FC00CFB8BC /* Color+Hex.swift in Sources */,
				EF67C6532AD13BF700C1074E /* AppRootManager.swift in Sources */,
				7EAEEC9F2AFF447F0066B36C /* TKListeningView.swift in Sources */,
				57806D802AE28ED3003A7B19 /* HistoryItem.swift in Sources */,
				CE0CBF172B0115900048C784 /* ChatMessageCell.swift in Sources */,
				EF1162AE2AFCBB6F000D0F5B /* AWTextField.swift in Sources */,
				7EFE53782AE6228300DF4D85 /* View+Keyboard.swift in Sources */,
				7EAEECA12AFF8F810066B36C /* TKSavingView.swift in Sources */,
				7EA146AD2AFFDFCF003A37CE /* EnvironmentValues+Namespace.swift in Sources */,
				EFA9EDA42AF3D6E60099AB56 /* ScrollOffsetObserver.swift in Sources */,
				7ED6BB142B00B2F5006D02DC /* TKScrollView.swift in Sources */,
				57E76EB72ACEC91A00D79553 /* StaffSpeechView.swift in Sources */,
				7E4A6CDD2AFB7F7C0014DDB8 /* TKOrbitCircles.swift in Sources */,
				57806D712ADC5D19003A7B19 /* TestHistoryView.swift in Sources */,
				EFA9EDA22AF35CC40099AB56 /* TKGuidingView.swift in Sources */,
				EF1162AB2AFCB90F000D0F5B /* HistoryListSearchView.swift in Sources */,
				7EE087E82ADD4FAE00E07720 /* TKHistoryView.swift in Sources */,
				CE0CBF192B0115F80048C784 /* CustomTableViewController.swift in Sources */,
				CE79CAEB2AF0CEC20007713B /* LocationStore.swift in Sources */,
				EF79389B2AFB754200402A4E /* SampleTKConversation.swift in Sources */,
				EF67C64B2ACEB67000C1074E /* SpeechRecognizer.swift in Sources */,
				7E427EE12AE9559D0028E4F4 /* ConversationViewStore.swift in Sources */,
				EF67C6572AD1414300C1074E /* AuthorizationRequestView.swift in Sources */,
				EF1162B02AFCEBD7000D0F5B /* TKUnavailableViewBuilder.swift in Sources */,
				CE79CAEB2AF0CEC20007713B /* LocationStore.swift in Sources */,
				EF67C64B2ACEB67000C1074E /* SpeechRecognizer.swift in Sources */,
				7EAEEC9D2AFF43B20066B36C /* TKTypingView.swift in Sources */,
				7E14D3792B01F46E00244549 /* TKConversationViewStore.swift in Sources */,
				EF67C6572AD1414300C1074E /* AuthorizationRequestView.swift in Sources */,
				7E4A6CDB2AFB2C350014DDB8 /* TKMainViewStore.swift in Sources */,
				7EA8A78B2AD502D600AFD687 /* GyroScopeStore.swift in Sources */,
				CE0CBF232B0119030048C784 /* CustomHistoryView.swift in Sources */,
				CE0CBF262B011EF70048C784 /* Date+Formatter.swift in Sources */,
				CE0CBF1F2B01186E0048C784 /* SheetWebView.swift in Sources */,
			);
			runOnlyForDeploymentPostprocessing = 0;
		};
		7E8D17CD2ACE8AED00E904E5 /* Sources */ = {
			isa = PBXSourcesBuildPhase;
			buildActionMask = 2147483647;
			files = (
				7E8D17D62ACE8AED00E904E5 /* talklatTests.swift in Sources */,
			);
			runOnlyForDeploymentPostprocessing = 0;
		};
		7E8D17D72ACE8AED00E904E5 /* Sources */ = {
			isa = PBXSourcesBuildPhase;
			buildActionMask = 2147483647;
			files = (
				7E8D17E22ACE8AED00E904E5 /* talklatUITestsLaunchTests.swift in Sources */,
				7E8D17E02ACE8AED00E904E5 /* talklatUITests.swift in Sources */,
			);
			runOnlyForDeploymentPostprocessing = 0;
		};
/* End PBXSourcesBuildPhase section */

/* Begin PBXTargetDependency section */
		7E8D17D32ACE8AED00E904E5 /* PBXTargetDependency */ = {
			isa = PBXTargetDependency;
			target = 7E8D17C02ACE8AEC00E904E5 /* talklat */;
			targetProxy = 7E8D17D22ACE8AED00E904E5 /* PBXContainerItemProxy */;
		};
		7E8D17DD2ACE8AED00E904E5 /* PBXTargetDependency */ = {
			isa = PBXTargetDependency;
			target = 7E8D17C02ACE8AEC00E904E5 /* talklat */;
			targetProxy = 7E8D17DC2ACE8AED00E904E5 /* PBXContainerItemProxy */;
		};
/* End PBXTargetDependency section */

/* Begin XCBuildConfiguration section */
		7E8D17E32ACE8AED00E904E5 /* Debug */ = {
			isa = XCBuildConfiguration;
			buildSettings = {
				ALWAYS_SEARCH_USER_PATHS = NO;
				CLANG_ANALYZER_NONNULL = YES;
				CLANG_ANALYZER_NUMBER_OBJECT_CONVERSION = YES_AGGRESSIVE;
				CLANG_CXX_LANGUAGE_STANDARD = "gnu++20";
				CLANG_ENABLE_MODULES = YES;
				CLANG_ENABLE_OBJC_ARC = YES;
				CLANG_ENABLE_OBJC_WEAK = YES;
				CLANG_WARN_BLOCK_CAPTURE_AUTORELEASING = YES;
				CLANG_WARN_BOOL_CONVERSION = YES;
				CLANG_WARN_COMMA = YES;
				CLANG_WARN_CONSTANT_CONVERSION = YES;
				CLANG_WARN_DEPRECATED_OBJC_IMPLEMENTATIONS = YES;
				CLANG_WARN_DIRECT_OBJC_ISA_USAGE = YES_ERROR;
				CLANG_WARN_DOCUMENTATION_COMMENTS = YES;
				CLANG_WARN_EMPTY_BODY = YES;
				CLANG_WARN_ENUM_CONVERSION = YES;
				CLANG_WARN_INFINITE_RECURSION = YES;
				CLANG_WARN_INT_CONVERSION = YES;
				CLANG_WARN_NON_LITERAL_NULL_CONVERSION = YES;
				CLANG_WARN_OBJC_IMPLICIT_RETAIN_SELF = YES;
				CLANG_WARN_OBJC_LITERAL_CONVERSION = YES;
				CLANG_WARN_OBJC_ROOT_CLASS = YES_ERROR;
				CLANG_WARN_QUOTED_INCLUDE_IN_FRAMEWORK_HEADER = YES;
				CLANG_WARN_RANGE_LOOP_ANALYSIS = YES;
				CLANG_WARN_STRICT_PROTOTYPES = YES;
				CLANG_WARN_SUSPICIOUS_MOVE = YES;
				CLANG_WARN_UNGUARDED_AVAILABILITY = YES_AGGRESSIVE;
				CLANG_WARN_UNREACHABLE_CODE = YES;
				CLANG_WARN__DUPLICATE_METHOD_MATCH = YES;
				COPY_PHASE_STRIP = NO;
				DEBUG_INFORMATION_FORMAT = dwarf;
				DEVELOPMENT_ASSET_PATHS = "\"talklat/Resources/Preview Content\"";
				ENABLE_STRICT_OBJC_MSGSEND = YES;
				ENABLE_TESTABILITY = YES;
				ENABLE_USER_SCRIPT_SANDBOXING = YES;
				GCC_C_LANGUAGE_STANDARD = gnu11;
				GCC_DYNAMIC_NO_PIC = NO;
				GCC_NO_COMMON_BLOCKS = YES;
				GCC_OPTIMIZATION_LEVEL = 0;
				GCC_PREPROCESSOR_DEFINITIONS = (
					"DEBUG=1",
					"$(inherited)",
				);
				GCC_WARN_64_TO_32_BIT_CONVERSION = YES;
				GCC_WARN_ABOUT_RETURN_TYPE = YES_ERROR;
				GCC_WARN_UNDECLARED_SELECTOR = YES;
				GCC_WARN_UNINITIALIZED_AUTOS = YES_AGGRESSIVE;
				GCC_WARN_UNUSED_FUNCTION = YES;
				GCC_WARN_UNUSED_VARIABLE = YES;
				IPHONEOS_DEPLOYMENT_TARGET = 17.0;
				MTL_ENABLE_DEBUG_INFO = INCLUDE_SOURCE;
				MTL_FAST_MATH = YES;
				ONLY_ACTIVE_ARCH = YES;
				SDKROOT = iphoneos;
				SWIFT_ACTIVE_COMPILATION_CONDITIONS = DEBUG;
				SWIFT_OPTIMIZATION_LEVEL = "-Onone";
			};
			name = Debug;
		};
		7E8D17E42ACE8AED00E904E5 /* Release */ = {
			isa = XCBuildConfiguration;
			buildSettings = {
				ALWAYS_SEARCH_USER_PATHS = NO;
				CLANG_ANALYZER_NONNULL = YES;
				CLANG_ANALYZER_NUMBER_OBJECT_CONVERSION = YES_AGGRESSIVE;
				CLANG_CXX_LANGUAGE_STANDARD = "gnu++20";
				CLANG_ENABLE_MODULES = YES;
				CLANG_ENABLE_OBJC_ARC = YES;
				CLANG_ENABLE_OBJC_WEAK = YES;
				CLANG_WARN_BLOCK_CAPTURE_AUTORELEASING = YES;
				CLANG_WARN_BOOL_CONVERSION = YES;
				CLANG_WARN_COMMA = YES;
				CLANG_WARN_CONSTANT_CONVERSION = YES;
				CLANG_WARN_DEPRECATED_OBJC_IMPLEMENTATIONS = YES;
				CLANG_WARN_DIRECT_OBJC_ISA_USAGE = YES_ERROR;
				CLANG_WARN_DOCUMENTATION_COMMENTS = YES;
				CLANG_WARN_EMPTY_BODY = YES;
				CLANG_WARN_ENUM_CONVERSION = YES;
				CLANG_WARN_INFINITE_RECURSION = YES;
				CLANG_WARN_INT_CONVERSION = YES;
				CLANG_WARN_NON_LITERAL_NULL_CONVERSION = YES;
				CLANG_WARN_OBJC_IMPLICIT_RETAIN_SELF = YES;
				CLANG_WARN_OBJC_LITERAL_CONVERSION = YES;
				CLANG_WARN_OBJC_ROOT_CLASS = YES_ERROR;
				CLANG_WARN_QUOTED_INCLUDE_IN_FRAMEWORK_HEADER = YES;
				CLANG_WARN_RANGE_LOOP_ANALYSIS = YES;
				CLANG_WARN_STRICT_PROTOTYPES = YES;
				CLANG_WARN_SUSPICIOUS_MOVE = YES;
				CLANG_WARN_UNGUARDED_AVAILABILITY = YES_AGGRESSIVE;
				CLANG_WARN_UNREACHABLE_CODE = YES;
				CLANG_WARN__DUPLICATE_METHOD_MATCH = YES;
				COPY_PHASE_STRIP = NO;
				DEBUG_INFORMATION_FORMAT = "dwarf-with-dsym";
				DEVELOPMENT_ASSET_PATHS = "\"talklat/Resources/Preview Content\"";
				ENABLE_NS_ASSERTIONS = NO;
				ENABLE_STRICT_OBJC_MSGSEND = YES;
				ENABLE_USER_SCRIPT_SANDBOXING = YES;
				GCC_C_LANGUAGE_STANDARD = gnu11;
				GCC_NO_COMMON_BLOCKS = YES;
				GCC_WARN_64_TO_32_BIT_CONVERSION = YES;
				GCC_WARN_ABOUT_RETURN_TYPE = YES_ERROR;
				GCC_WARN_UNDECLARED_SELECTOR = YES;
				GCC_WARN_UNINITIALIZED_AUTOS = YES_AGGRESSIVE;
				GCC_WARN_UNUSED_FUNCTION = YES;
				GCC_WARN_UNUSED_VARIABLE = YES;
				IPHONEOS_DEPLOYMENT_TARGET = 17.0;
				MTL_ENABLE_DEBUG_INFO = NO;
				MTL_FAST_MATH = YES;
				SDKROOT = iphoneos;
				SWIFT_COMPILATION_MODE = wholemodule;
				SWIFT_OPTIMIZATION_LEVEL = "-O";
				VALIDATE_PRODUCT = YES;
			};
			name = Release;
		};
		7E8D17E62ACE8AED00E904E5 /* Debug */ = {
			isa = XCBuildConfiguration;
			buildSettings = {
				ASSETCATALOG_COMPILER_APPICON_NAME = AppIcon;
				ASSETCATALOG_COMPILER_GLOBAL_ACCENT_COLOR_NAME = AccentColor;
				CODE_SIGN_STYLE = Automatic;
				CURRENT_PROJECT_VERSION = 1;
				DEVELOPMENT_ASSET_PATHS = "\"talklat/Resources/Preview Content\"";
				DEVELOPMENT_TEAM = 67M6ZS7KS6;
				DEVELOPMENT_TEAM = 34U36L8239;
				DEVELOPMENT_TEAM = CZH2CMCGCZ;
				ENABLE_PREVIEWS = YES;
				GENERATE_INFOPLIST_FILE = YES;
				INFOPLIST_KEY_LSApplicationCategoryType = "Privacy - Speech Recognition Usage Description";
				INFOPLIST_KEY_NSLocationAlwaysAndWhenInUseUsageDescription = "Need your location information due to additional features.";
				INFOPLIST_KEY_NSLocationWhenInUseUsageDescription = "Need your location information due to additional features.";
				INFOPLIST_KEY_NSMicrophoneUsageDescription = "Audio is recorded to transcribe the meeting. Audio recordings are discarded after transcription";
				INFOPLIST_KEY_NSSpeechRecognitionUsageDescription = "You can view a text transcription of your meeting in the app.";
				INFOPLIST_KEY_UIApplicationSceneManifest_Generation = YES;
				INFOPLIST_KEY_UIApplicationSupportsIndirectInputEvents = YES;
				INFOPLIST_KEY_UILaunchScreen_Generation = YES;
				INFOPLIST_KEY_UISupportedInterfaceOrientations_iPad = "UIInterfaceOrientationPortrait UIInterfaceOrientationPortraitUpsideDown UIInterfaceOrientationLandscapeLeft UIInterfaceOrientationLandscapeRight";
				INFOPLIST_KEY_UISupportedInterfaceOrientations_iPhone = "UIInterfaceOrientationPortrait UIInterfaceOrientationLandscapeLeft UIInterfaceOrientationLandscapeRight";
				IPHONEOS_DEPLOYMENT_TARGET = 17.0;
				LD_RUNPATH_SEARCH_PATHS = (
					"$(inherited)",
					"@executable_path/Frameworks",
				);
				MARKETING_VERSION = 1.0.1;
				PRODUCT_BUNDLE_IDENTIFIER = com.allway.talklat;
				PRODUCT_NAME = "$(TARGET_NAME)";
				SUPPORTED_PLATFORMS = "iphoneos iphonesimulator";
				SUPPORTS_MACCATALYST = NO;
				SUPPORTS_MAC_DESIGNED_FOR_IPHONE_IPAD = NO;
				SWIFT_EMIT_LOC_STRINGS = YES;
				SWIFT_VERSION = 5.0;
				TARGETED_DEVICE_FAMILY = 1;
			};
			name = Debug;
		};
		7E8D17E72ACE8AED00E904E5 /* Release */ = {
			isa = XCBuildConfiguration;
			buildSettings = {
				ASSETCATALOG_COMPILER_APPICON_NAME = AppIcon;
				ASSETCATALOG_COMPILER_GLOBAL_ACCENT_COLOR_NAME = AccentColor;
				CODE_SIGN_STYLE = Automatic;
				CURRENT_PROJECT_VERSION = 1;
				DEVELOPMENT_ASSET_PATHS = "\"talklat/Resources/Preview Content\"";
				DEVELOPMENT_TEAM = 67M6ZS7KS6;
				DEVELOPMENT_TEAM = 34U36L8239;
				DEVELOPMENT_TEAM = CZH2CMCGCZ;
				ENABLE_PREVIEWS = YES;
				GENERATE_INFOPLIST_FILE = YES;
				INFOPLIST_KEY_LSApplicationCategoryType = "Privacy - Speech Recognition Usage Description";
				INFOPLIST_KEY_NSLocationAlwaysAndWhenInUseUsageDescription = "Need your location information due to additional features.";
				INFOPLIST_KEY_NSLocationWhenInUseUsageDescription = "Need your location information due to additional features.";
				INFOPLIST_KEY_NSMicrophoneUsageDescription = "Audio is recorded to transcribe the meeting. Audio recordings are discarded after transcription";
				INFOPLIST_KEY_NSSpeechRecognitionUsageDescription = "You can view a text transcription of your meeting in the app.";
				INFOPLIST_KEY_UIApplicationSceneManifest_Generation = YES;
				INFOPLIST_KEY_UIApplicationSupportsIndirectInputEvents = YES;
				INFOPLIST_KEY_UILaunchScreen_Generation = YES;
				INFOPLIST_KEY_UISupportedInterfaceOrientations_iPad = "UIInterfaceOrientationPortrait UIInterfaceOrientationPortraitUpsideDown UIInterfaceOrientationLandscapeLeft UIInterfaceOrientationLandscapeRight";
				INFOPLIST_KEY_UISupportedInterfaceOrientations_iPhone = "UIInterfaceOrientationPortrait UIInterfaceOrientationLandscapeLeft UIInterfaceOrientationLandscapeRight";
				IPHONEOS_DEPLOYMENT_TARGET = 17.0;
				LD_RUNPATH_SEARCH_PATHS = (
					"$(inherited)",
					"@executable_path/Frameworks",
				);
				MARKETING_VERSION = 1.0.1;
				PRODUCT_BUNDLE_IDENTIFIER = com.allway.talklat;
				PRODUCT_NAME = "$(TARGET_NAME)";
				SUPPORTED_PLATFORMS = "iphoneos iphonesimulator";
				SUPPORTS_MACCATALYST = NO;
				SUPPORTS_MAC_DESIGNED_FOR_IPHONE_IPAD = NO;
				SWIFT_EMIT_LOC_STRINGS = YES;
				SWIFT_VERSION = 5.0;
				TARGETED_DEVICE_FAMILY = 1;
			};
			name = Release;
		};
		7E8D17E92ACE8AED00E904E5 /* Debug */ = {
			isa = XCBuildConfiguration;
			buildSettings = {
				ALWAYS_EMBED_SWIFT_STANDARD_LIBRARIES = YES;
				BUNDLE_LOADER = "$(TEST_HOST)";
				CODE_SIGN_STYLE = Automatic;
				CURRENT_PROJECT_VERSION = 1;
				DEVELOPMENT_TEAM = 67M6ZS7KS6;
				GENERATE_INFOPLIST_FILE = YES;
				IPHONEOS_DEPLOYMENT_TARGET = 16.2;
				MARKETING_VERSION = 1.0;
				PRODUCT_BUNDLE_IDENTIFIER = com.Celan.talklatTests;
				PRODUCT_NAME = "$(TARGET_NAME)";
				SWIFT_EMIT_LOC_STRINGS = NO;
				SWIFT_VERSION = 5.0;
				TARGETED_DEVICE_FAMILY = "1,2";
				TEST_HOST = "$(BUILT_PRODUCTS_DIR)/talklat.app/$(BUNDLE_EXECUTABLE_FOLDER_PATH)/talklat";
			};
			name = Debug;
		};
		7E8D17EA2ACE8AED00E904E5 /* Release */ = {
			isa = XCBuildConfiguration;
			buildSettings = {
				ALWAYS_EMBED_SWIFT_STANDARD_LIBRARIES = YES;
				BUNDLE_LOADER = "$(TEST_HOST)";
				CODE_SIGN_STYLE = Automatic;
				CURRENT_PROJECT_VERSION = 1;
				DEVELOPMENT_TEAM = 67M6ZS7KS6;
				GENERATE_INFOPLIST_FILE = YES;
				IPHONEOS_DEPLOYMENT_TARGET = 16.2;
				MARKETING_VERSION = 1.0;
				PRODUCT_BUNDLE_IDENTIFIER = com.Celan.talklatTests;
				PRODUCT_NAME = "$(TARGET_NAME)";
				SWIFT_EMIT_LOC_STRINGS = NO;
				SWIFT_VERSION = 5.0;
				TARGETED_DEVICE_FAMILY = "1,2";
				TEST_HOST = "$(BUILT_PRODUCTS_DIR)/talklat.app/$(BUNDLE_EXECUTABLE_FOLDER_PATH)/talklat";
			};
			name = Release;
		};
		7E8D17EC2ACE8AED00E904E5 /* Debug */ = {
			isa = XCBuildConfiguration;
			buildSettings = {
				ALWAYS_EMBED_SWIFT_STANDARD_LIBRARIES = YES;
				CODE_SIGN_STYLE = Automatic;
				CURRENT_PROJECT_VERSION = 1;
				DEVELOPMENT_TEAM = 67M6ZS7KS6;
				GENERATE_INFOPLIST_FILE = YES;
				MARKETING_VERSION = 1.0;
				PRODUCT_BUNDLE_IDENTIFIER = com.Celan.talklatUITests;
				PRODUCT_NAME = "$(TARGET_NAME)";
				SWIFT_EMIT_LOC_STRINGS = NO;
				SWIFT_VERSION = 5.0;
				TARGETED_DEVICE_FAMILY = "1,2";
				TEST_TARGET_NAME = talklat;
			};
			name = Debug;
		};
		7E8D17ED2ACE8AED00E904E5 /* Release */ = {
			isa = XCBuildConfiguration;
			buildSettings = {
				ALWAYS_EMBED_SWIFT_STANDARD_LIBRARIES = YES;
				CODE_SIGN_STYLE = Automatic;
				CURRENT_PROJECT_VERSION = 1;
				DEVELOPMENT_TEAM = 67M6ZS7KS6;
				GENERATE_INFOPLIST_FILE = YES;
				MARKETING_VERSION = 1.0;
				PRODUCT_BUNDLE_IDENTIFIER = com.Celan.talklatUITests;
				PRODUCT_NAME = "$(TARGET_NAME)";
				SWIFT_EMIT_LOC_STRINGS = NO;
				SWIFT_VERSION = 5.0;
				TARGETED_DEVICE_FAMILY = "1,2";
				TEST_TARGET_NAME = talklat;
			};
			name = Release;
		};
/* End XCBuildConfiguration section */

/* Begin XCConfigurationList section */
		7E8D17BC2ACE8AEC00E904E5 /* Build configuration list for PBXProject "talklat" */ = {
			isa = XCConfigurationList;
			buildConfigurations = (
				7E8D17E32ACE8AED00E904E5 /* Debug */,
				7E8D17E42ACE8AED00E904E5 /* Release */,
			);
			defaultConfigurationIsVisible = 0;
			defaultConfigurationName = Release;
		};
		7E8D17E52ACE8AED00E904E5 /* Build configuration list for PBXNativeTarget "talklat" */ = {
			isa = XCConfigurationList;
			buildConfigurations = (
				7E8D17E62ACE8AED00E904E5 /* Debug */,
				7E8D17E72ACE8AED00E904E5 /* Release */,
			);
			defaultConfigurationIsVisible = 0;
			defaultConfigurationName = Release;
		};
		7E8D17E82ACE8AED00E904E5 /* Build configuration list for PBXNativeTarget "talklatTests" */ = {
			isa = XCConfigurationList;
			buildConfigurations = (
				7E8D17E92ACE8AED00E904E5 /* Debug */,
				7E8D17EA2ACE8AED00E904E5 /* Release */,
			);
			defaultConfigurationIsVisible = 0;
			defaultConfigurationName = Release;
		};
		7E8D17EB2ACE8AED00E904E5 /* Build configuration list for PBXNativeTarget "talklatUITests" */ = {
			isa = XCConfigurationList;
			buildConfigurations = (
				7E8D17EC2ACE8AED00E904E5 /* Debug */,
				7E8D17ED2ACE8AED00E904E5 /* Release */,
			);
			defaultConfigurationIsVisible = 0;
			defaultConfigurationName = Release;
		};
/* End XCConfigurationList section */
	};
	rootObject = 7E8D17B92ACE8AEC00E904E5 /* Project object */;
}
