// !$*UTF8*$!
{
	archiveVersion = 1;
	classes = {
	};
	objectVersion = 56;
	objects = {

/* Begin PBXBuildFile section */
		5713DC502B0C9B9200ECF34B /* View+SwipeGesture.swift in Sources */ = {isa = PBXBuildFile; fileRef = 5713DC4F2B0C9B9200ECF34B /* View+SwipeGesture.swift */; };
		5713DC4C2B0B3BC600ECF34B /* BDText.swift in Sources */ = {isa = PBXBuildFile; fileRef = 5713DC4B2B0B3BC600ECF34B /* BDText.swift */; };
		577B45202B0DE76500DA010E /* Pretendard-Thin.otf in Resources */ = {isa = PBXBuildFile; fileRef = 577B45172B0DE76500DA010E /* Pretendard-Thin.otf */; };
		577B45212B0DE76500DA010E /* Pretendard-Black.otf in Resources */ = {isa = PBXBuildFile; fileRef = 577B45182B0DE76500DA010E /* Pretendard-Black.otf */; };
		577B45222B0DE76500DA010E /* Pretendard-SemiBold.otf in Resources */ = {isa = PBXBuildFile; fileRef = 577B45192B0DE76500DA010E /* Pretendard-SemiBold.otf */; };
		577B45232B0DE76500DA010E /* Pretendard-ExtraBold.otf in Resources */ = {isa = PBXBuildFile; fileRef = 577B451A2B0DE76500DA010E /* Pretendard-ExtraBold.otf */; };
		577B45242B0DE76500DA010E /* Pretendard-ExtraLight.otf in Resources */ = {isa = PBXBuildFile; fileRef = 577B451B2B0DE76500DA010E /* Pretendard-ExtraLight.otf */; };
		577B45252B0DE76500DA010E /* Pretendard-Light.otf in Resources */ = {isa = PBXBuildFile; fileRef = 577B451C2B0DE76500DA010E /* Pretendard-Light.otf */; };
		577B45262B0DE76500DA010E /* Pretendard-Medium.otf in Resources */ = {isa = PBXBuildFile; fileRef = 577B451D2B0DE76500DA010E /* Pretendard-Medium.otf */; };
		577B45272B0DE76500DA010E /* Pretendard-Bold.otf in Resources */ = {isa = PBXBuildFile; fileRef = 577B451E2B0DE76500DA010E /* Pretendard-Bold.otf */; };
		577B45282B0DE76500DA010E /* Pretendard-Regular.otf in Resources */ = {isa = PBXBuildFile; fileRef = 577B451F2B0DE76500DA010E /* Pretendard-Regular.otf */; };
		7E8D17D62ACE8AED00E904E5 /* talklatTests.swift in Sources */ = {isa = PBXBuildFile; fileRef = 7E8D17D52ACE8AED00E904E5 /* talklatTests.swift */; };
		7E8D17E02ACE8AED00E904E5 /* talklatUITests.swift in Sources */ = {isa = PBXBuildFile; fileRef = 7E8D17DF2ACE8AED00E904E5 /* talklatUITests.swift */; };
		7E8D17E22ACE8AED00E904E5 /* talklatUITestsLaunchTests.swift in Sources */ = {isa = PBXBuildFile; fileRef = 7E8D17E12ACE8AED00E904E5 /* talklatUITestsLaunchTests.swift */; };
		7EBD31142B0B2B1300D5514D /* talklatApp.swift in Sources */ = {isa = PBXBuildFile; fileRef = 7E8D17C42ACE8AEC00E904E5 /* talklatApp.swift */; };
		7EBD31152B0B2B1300D5514D /* LocationDataManager.swift in Sources */ = {isa = PBXBuildFile; fileRef = CE1C43302AF8DB7700EC46C8 /* LocationDataManager.swift */; };
		7EBD31162B0B2B1300D5514D /* DataTestingView.swift in Sources */ = {isa = PBXBuildFile; fileRef = EF3B16CA2B00C61E00CDB484 /* DataTestingView.swift */; };
		7EBD31172B0B2B1300D5514D /* SettingTRTextFieldToBeReplaced.swift in Sources */ = {isa = PBXBuildFile; fileRef = EF7BB33B2B03E6DA00F8FEC9 /* SettingTRTextFieldToBeReplaced.swift */; };
		7EBD31182B0B2B1300D5514D /* AuthorizationRequestView.swift in Sources */ = {isa = PBXBuildFile; fileRef = EF67C6562AD1414300C1074E /* AuthorizationRequestView.swift */; };
		7EBD31192B0B2B1300D5514D /* StaffSpeechView.swift in Sources */ = {isa = PBXBuildFile; fileRef = 57E76EB62ACEC91A00D79553 /* StaffSpeechView.swift */; };
		7EBD311A2B0B2B1300D5514D /* TestTKSettingView.swift in Sources */ = {isa = PBXBuildFile; fileRef = 57E985AD2AFA1AA400716B90 /* TestTKSettingView.swift */; };
		7EBD311B2B0B2B1300D5514D /* TKTransitionTestView.swift in Sources */ = {isa = PBXBuildFile; fileRef = 7EE71BAE2AF0F28E001C0A28 /* TKTransitionTestView.swift */; };
		7EBD311C2B0B2B1300D5514D /* TKTextField.swift in Sources */ = {isa = PBXBuildFile; fileRef = 7EF737962AD43EE000FCBA21 /* TKTextField.swift */; };
		7EBD311D2B0B2B1300D5514D /* TKReducer.swift in Sources */ = {isa = PBXBuildFile; fileRef = 7EA9D34C2AFA19BE00A0EE99 /* TKReducer.swift */; };
		7EBD311E2B0B2B1300D5514D /* HistoryItem.swift in Sources */ = {isa = PBXBuildFile; fileRef = 57806D7F2AE28ED3003A7B19 /* HistoryItem.swift */; };
		7EBD311F2B0B2B1300D5514D /* ChatMessage.swift in Sources */ = {isa = PBXBuildFile; fileRef = CE0CBF272B0122F70048C784 /* ChatMessage.swift */; };
		7EBD31202B0B2B1300D5514D /* TKTextReplacement.swift in Sources */ = {isa = PBXBuildFile; fileRef = EF80674F2AF7ECF4004E8955 /* TKTextReplacement.swift */; };
		7EBD31212B0B2B1300D5514D /* TKConversation.swift in Sources */ = {isa = PBXBuildFile; fileRef = EF3F439D2AF7FF4700DFC98B /* TKConversation.swift */; };
		7EBD31222B0B2B1300D5514D /* TKContent.swift in Sources */ = {isa = PBXBuildFile; fileRef = EF3B16C22B00C5A500CDB484 /* TKContent.swift */; };
		7EBD31232B0B2B1300D5514D /* TKLocation.swift in Sources */ = {isa = PBXBuildFile; fileRef = EF3B16C42B00C5C200CDB484 /* TKLocation.swift */; };
		7EBD31242B0B2B1300D5514D /* SampleTKConversation.swift in Sources */ = {isa = PBXBuildFile; fileRef = EF79389A2AFB754100402A4E /* SampleTKConversation.swift */; };
		7EBD31252B0B2B1300D5514D /* Double+Degree.swift in Sources */ = {isa = PBXBuildFile; fileRef = 7EFA2C2A2AD51FC80013B533 /* Double+Degree.swift */; };
		7EBD31262B0B2B1300D5514D /* Color+Hex.swift in Sources */ = {isa = PBXBuildFile; fileRef = 7E8445D92ADFB4FC00CFB8BC /* Color+Hex.swift */; };
		7EBD31272B0B2B1300D5514D /* View+Keyboard.swift in Sources */ = {isa = PBXBuildFile; fileRef = 7EFE53772AE6228300DF4D85 /* View+Keyboard.swift */; };
		7EBD31282B0B2B1300D5514D /* String+Language.swift in Sources */ = {isa = PBXBuildFile; fileRef = 5769BFDF2AFE142F0036CF3D /* String+Language.swift */; };
		7EBD31292B0B2B1300D5514D /* Character+Consonant.swift in Sources */ = {isa = PBXBuildFile; fileRef = 572A82032B03300B00753516 /* Character+Consonant.swift */; };
		7EBD312A2B0B2B1300D5514D /* Date+Formatter.swift in Sources */ = {isa = PBXBuildFile; fileRef = CE0CBF252B011EF70048C784 /* Date+Formatter.swift */; };
		7EBD312B2B0B2B1300D5514D /* EnvironmentValues+Namespace.swift in Sources */ = {isa = PBXBuildFile; fileRef = 7EA146AC2AFFDFCF003A37CE /* EnvironmentValues+Namespace.swift */; };
		7EBD312C2B0B2B1300D5514D /* Constants.swift in Sources */ = {isa = PBXBuildFile; fileRef = 7EF737932AD3DE5600FCBA21 /* Constants.swift */; };
		7EBD312D2B0B2B1300D5514D /* TKMainViewStore.swift in Sources */ = {isa = PBXBuildFile; fileRef = 7E4A6CDA2AFB2C350014DDB8 /* TKMainViewStore.swift */; };
		7EBD312E2B0B2B1300D5514D /* TKConversationViewStore.swift in Sources */ = {isa = PBXBuildFile; fileRef = 7E6641252B03C03F00CDC6AB /* TKConversationViewStore.swift */; };
		7EBD312F2B0B2B1300D5514D /* TKSwiftDataStore.swift in Sources */ = {isa = PBXBuildFile; fileRef = EF3B16C82B00C5FC00CDB484 /* TKSwiftDataStore.swift */; };
		7EBD31312B0B2B1300D5514D /* GyroScopeStore.swift in Sources */ = {isa = PBXBuildFile; fileRef = 7EA8A78A2AD502D600AFD687 /* GyroScopeStore.swift */; };
		7EBD31322B0B2B1300D5514D /* TextReplacementViewStore.swift in Sources */ = {isa = PBXBuildFile; fileRef = 572304FE2B00AF350098FFF5 /* TextReplacementViewStore.swift */; };
		7EBD31332B0B2B1300D5514D /* TKLocationStore.swift in Sources */ = {isa = PBXBuildFile; fileRef = CE79CAEA2AF0CEC20007713B /* TKLocationStore.swift */; };
		7EBD31342B0B2B1300D5514D /* TKHistoryInfoStore.swift in Sources */ = {isa = PBXBuildFile; fileRef = CE0CBF4F2B04D8BA0048C784 /* TKHistoryInfoStore.swift */; };
		7EBD31352B0B2B1300D5514D /* TKDataManager.swift in Sources */ = {isa = PBXBuildFile; fileRef = EF3B16C62B00C5DD00CDB484 /* TKDataManager.swift */; };
		7EBD31362B0B2B1300D5514D /* SpeechAuthManager.swift in Sources */ = {isa = PBXBuildFile; fileRef = EF67C6522AD13BF700C1074E /* SpeechAuthManager.swift */; };
		7EBD31372B0B2B1300D5514D /* SignalExtractor.swift in Sources */ = {isa = PBXBuildFile; fileRef = 575677DE2AD6BE47002E01BE /* SignalExtractor.swift */; };
		7EBD31382B0B2B1300D5514D /* SpeechRecognizer.swift in Sources */ = {isa = PBXBuildFile; fileRef = EF67C64A2ACEB67000C1074E /* SpeechRecognizer.swift */; };
		7EBD31392B0B2B1300D5514D /* HapticManager.swift in Sources */ = {isa = PBXBuildFile; fileRef = CEF43C472ADA97FF00DE02A9 /* HapticManager.swift */; };
		7EBD313A2B0B2B1300D5514D /* TKTextReplacementManager.swift in Sources */ = {isa = PBXBuildFile; fileRef = 5769BF9C2AFB5B900036CF3D /* TKTextReplacementManager.swift */; };
		7EBD313B2B0B2B1300D5514D /* TKAuthManager.swift in Sources */ = {isa = PBXBuildFile; fileRef = EFFE7A6C2B05BC7000E17AA1 /* TKAuthManager.swift */; };
		7EBD313C2B0B2B1300D5514D /* TKOnboardingView.swift in Sources */ = {isa = PBXBuildFile; fileRef = 7EC585392B05BB9F00EDB171 /* TKOnboardingView.swift */; };
		7EBD313D2B0B2B1300D5514D /* TKOnboardingAuthReqeustView.swift in Sources */ = {isa = PBXBuildFile; fileRef = 7E0188D82B05F230005AA4D0 /* TKOnboardingAuthReqeustView.swift */; };
		7EBD313E2B0B2B1300D5514D /* TKTextReplacementListView.swift in Sources */ = {isa = PBXBuildFile; fileRef = 7EC585292B05B97600EDB171 /* TKTextReplacementListView.swift */; };
		7EBD313F2B0B2B1300D5514D /* SectionIndexTitles.swift in Sources */ = {isa = PBXBuildFile; fileRef = 7EC5852A2B05B97600EDB171 /* SectionIndexTitles.swift */; };
		7EBD31402B0B2B1300D5514D /* SettingTRTextField.swift in Sources */ = {isa = PBXBuildFile; fileRef = 7EC5852B2B05B97600EDB171 /* SettingTRTextField.swift */; };
		7EBD31412B0B2B1300D5514D /* SettingTRSearchBar.swift in Sources */ = {isa = PBXBuildFile; fileRef = 7EC5852C2B05B97600EDB171 /* SettingTRSearchBar.swift */; };
		7EBD31422B0B2B1300D5514D /* TextReplacementRow.swift in Sources */ = {isa = PBXBuildFile; fileRef = 7EC5852D2B05B97600EDB171 /* TextReplacementRow.swift */; };
		7EBD31432B0B2B1300D5514D /* TKTextReplacementEditView.swift in Sources */ = {isa = PBXBuildFile; fileRef = 7EC5852E2B05B97600EDB171 /* TKTextReplacementEditView.swift */; };
		7EBD31442B0B2B1300D5514D /* TKTextReplacementSearchView.swift in Sources */ = {isa = PBXBuildFile; fileRef = 7EC5852F2B05B97600EDB171 /* TKTextReplacementSearchView.swift */; };
		7EBD31452B0B2B1300D5514D /* TKTextReplacementAddView.swift in Sources */ = {isa = PBXBuildFile; fileRef = 7EC585302B05B97600EDB171 /* TKTextReplacementAddView.swift */; };
		7EBD31462B0B2B1300D5514D /* SettingsListView.swift in Sources */ = {isa = PBXBuildFile; fileRef = EFF347432B020DD900D2D1FB /* SettingsListView.swift */; };
		7EBD31472B0B2B1300D5514D /* SettingsDisplayView.swift in Sources */ = {isa = PBXBuildFile; fileRef = EF7BB3222B03970300F8FEC9 /* SettingsDisplayView.swift */; };
		7EBD31482B0B2B1300D5514D /* SettingsHapticView.swift in Sources */ = {isa = PBXBuildFile; fileRef = EF7BB3282B03B78300F8FEC9 /* SettingsHapticView.swift */; };
		7EBD31492B0B2B1300D5514D /* SettingsGestureView.swift in Sources */ = {isa = PBXBuildFile; fileRef = EF7BB32A2B03BB4100F8FEC9 /* SettingsGestureView.swift */; };
		7EBD314A2B0B2B1300D5514D /* SettingsAppInfoView.swift in Sources */ = {isa = PBXBuildFile; fileRef = EF7BB32C2B03BCC200F8FEC9 /* SettingsAppInfoView.swift */; };
		7EBD314B2B0B2B1300D5514D /* SettingsHelpView.swift in Sources */ = {isa = PBXBuildFile; fileRef = EF7BB3302B03CFC100F8FEC9 /* SettingsHelpView.swift */; };
		7EBD314D2B0B2B1300D5514D /* SettingsGuidingView.swift in Sources */ = {isa = PBXBuildFile; fileRef = EF7BB3372B03DF6600F8FEC9 /* SettingsGuidingView.swift */; };
		7EBD314E2B0B2B1300D5514D /* SettingsGuidingEditView.swift in Sources */ = {isa = PBXBuildFile; fileRef = EF7BB3392B03E3EC00F8FEC9 /* SettingsGuidingEditView.swift */; };
		7EBD314F2B0B2B1300D5514D /* SettingsGuidingPreView.swift in Sources */ = {isa = PBXBuildFile; fileRef = EF7BB33D2B03EC0A00F8FEC9 /* SettingsGuidingPreView.swift */; };
		7EBD31502B0B2B1300D5514D /* SettingsTeamView.swift in Sources */ = {isa = PBXBuildFile; fileRef = 574D418B2B05E662007EFE90 /* SettingsTeamView.swift */; };
		7EBD31512B0B2B1300D5514D /* EmailView.swift in Sources */ = {isa = PBXBuildFile; fileRef = EF7BB3352B03D68400F8FEC9 /* EmailView.swift */; };
		7EBD31522B0B2B1300D5514D /* SettingTextField.swift in Sources */ = {isa = PBXBuildFile; fileRef = EF7BB33F2B05A13000F8FEC9 /* SettingTextField.swift */; };
		7EBD31532B0B2B1300D5514D /* LoadingWebView.swift in Sources */ = {isa = PBXBuildFile; fileRef = EF75C6112B06184C00F83FFE /* LoadingWebView.swift */; };
		7EBD31542B0B2B1300D5514D /* WebView.swift in Sources */ = {isa = PBXBuildFile; fileRef = EF75C6132B06191000F83FFE /* WebView.swift */; };
		7EBD31552B0B2B1300D5514D /* TKMainView.swift in Sources */ = {isa = PBXBuildFile; fileRef = 7E4A6CD82AFB2C100014DDB8 /* TKMainView.swift */; };
		7EBD31562B0B2B1300D5514D /* TKDraggableList.swift in Sources */ = {isa = PBXBuildFile; fileRef = 7E4A6CDE2AFBAB980014DDB8 /* TKDraggableList.swift */; };
		7EBD31572B0B2B1300D5514D /* TKRecentConversationListView.swift in Sources */ = {isa = PBXBuildFile; fileRef = 7E4A6CE02AFBABC90014DDB8 /* TKRecentConversationListView.swift */; };
		7EBD31582B0B2B1300D5514D /* TKConversationView.swift in Sources */ = {isa = PBXBuildFile; fileRef = 7E8906402ACEA31500C9947A /* TKConversationView.swift */; };
		7EBD31592B0B2B1300D5514D /* TKHistoryView.swift in Sources */ = {isa = PBXBuildFile; fileRef = 7EE087E72ADD4FAE00E07720 /* TKHistoryView.swift */; };
		7EBD315A2B0B2B1300D5514D /* TKTypingView.swift in Sources */ = {isa = PBXBuildFile; fileRef = 7EAEEC9C2AFF43B20066B36C /* TKTypingView.swift */; };
		7EBD315B2B0B2B1300D5514D /* TKGuidingView.swift in Sources */ = {isa = PBXBuildFile; fileRef = EFA9EDA12AF35CC40099AB56 /* TKGuidingView.swift */; };
		7EBD315C2B0B2B1300D5514D /* TKListeningView.swift in Sources */ = {isa = PBXBuildFile; fileRef = 7EAEEC9E2AFF447F0066B36C /* TKListeningView.swift */; };
		7EBD315D2B0B2B1300D5514D /* TKSavingView.swift in Sources */ = {isa = PBXBuildFile; fileRef = 7EAEECA02AFF8F810066B36C /* TKSavingView.swift */; };
		7EBD315E2B0B2B1300D5514D /* CustomHistoryViewControllerRepresentable.swift in Sources */ = {isa = PBXBuildFile; fileRef = CE0CBF202B0118A70048C784 /* CustomHistoryViewControllerRepresentable.swift */; };
		7EBD315F2B0B2B1300D5514D /* SectionHeaderView.swift in Sources */ = {isa = PBXBuildFile; fileRef = CE0CBF142B01157A0048C784 /* SectionHeaderView.swift */; };
		7EBD31602B0B2B1300D5514D /* ChatMessageCell.swift in Sources */ = {isa = PBXBuildFile; fileRef = CE0CBF162B0115900048C784 /* ChatMessageCell.swift */; };
		7EBD31612B0B2B1300D5514D /* CustomTableViewController.swift in Sources */ = {isa = PBXBuildFile; fileRef = CE0CBF182B0115F80048C784 /* CustomTableViewController.swift */; };
		7EBD31622B0B2B1300D5514D /* SheetWebView.swift in Sources */ = {isa = PBXBuildFile; fileRef = CE0CBF1E2B01186E0048C784 /* SheetWebView.swift */; };
		7EBD31632B0B2B1300D5514D /* HistoryViewController.swift in Sources */ = {isa = PBXBuildFile; fileRef = CE0CBF1A2B01160D0048C784 /* HistoryViewController.swift */; };
		7EBD31642B0B2B1300D5514D /* HistoryListView.swift in Sources */ = {isa = PBXBuildFile; fileRef = EF7938962AFB748100402A4E /* HistoryListView.swift */; };
		7EBD31652B0B2B1300D5514D /* HistoryListSearchView.swift in Sources */ = {isa = PBXBuildFile; fileRef = EF1162AA2AFCB90F000D0F5B /* HistoryListSearchView.swift */; };
		7EBD31662B0B2B1300D5514D /* SearchBarView.swift in Sources */ = {isa = PBXBuildFile; fileRef = EF1162B12AFCF30C000D0F5B /* SearchBarView.swift */; };
		7EBD31672B0B2B1300D5514D /* TKUnavailableViewBuilder.swift in Sources */ = {isa = PBXBuildFile; fileRef = EF1162AF2AFCEBD7000D0F5B /* TKUnavailableViewBuilder.swift */; };
		7EBD31682B0B2B1300D5514D /* TKColor.swift in Sources */ = {isa = PBXBuildFile; fileRef = 7E8445DD2ADFBBD900CFB8BC /* TKColor.swift */; };
		7EBD31692B0B2B1300D5514D /* TLTextField.swift in Sources */ = {isa = PBXBuildFile; fileRef = 575677E02ADA6F13002E01BE /* TLTextField.swift */; };
		7EBD316A2B0B2B1300D5514D /* TKOrbitCircles.swift in Sources */ = {isa = PBXBuildFile; fileRef = 7E4A6CDC2AFB7F7C0014DDB8 /* TKOrbitCircles.swift */; };
		7EBD316B2B0B2B1300D5514D /* TKBreathingCircles.swift in Sources */ = {isa = PBXBuildFile; fileRef = 7E6494C92AFCD08100FB478C /* TKBreathingCircles.swift */; };
		7EBD316C2B0B2B1300D5514D /* TKScrollView.swift in Sources */ = {isa = PBXBuildFile; fileRef = 7ED6BB132B00B2F5006D02DC /* TKScrollView.swift */; };
		7EBD316D2B0B2B1300D5514D /* AWTextField.swift in Sources */ = {isa = PBXBuildFile; fileRef = EF1162AD2AFCBB6F000D0F5B /* AWTextField.swift */; };
		7EBD316E2B0B2B1300D5514D /* CustomAlertView.swift in Sources */ = {isa = PBXBuildFile; fileRef = CE0CBF292B0287E50048C784 /* CustomAlertView.swift */; };
		7EBD316F2B0B2B1300D5514D /* TKAlert.swift in Sources */ = {isa = PBXBuildFile; fileRef = 7E892E402B0350CF00788DCF /* TKAlert.swift */; };
		7EBD31702B0B2B1300D5514D /* TKToast.swift in Sources */ = {isa = PBXBuildFile; fileRef = 7E892E422B036A5900788DCF /* TKToast.swift */; };
		7EBD31712B0B2B1300D5514D /* TKListCell.swift in Sources */ = {isa = PBXBuildFile; fileRef = EF7BB3242B03A38000F8FEC9 /* TKListCell.swift */; };
		7EBD31722B0B2B1300D5514D /* TKSplashView.swift in Sources */ = {isa = PBXBuildFile; fileRef = 7E0313802B04F8BB0090A704 /* TKSplashView.swift */; };
		7EBD31732B0B2B1300D5514D /* ScrollContainer.swift in Sources */ = {isa = PBXBuildFile; fileRef = EF90C51E2AE0B39B00A95BD7 /* ScrollContainer.swift */; };
		7EBD31742B0B2B1300D5514D /* SwipeGuideMessage.swift in Sources */ = {isa = PBXBuildFile; fileRef = EF90C5202AE0FE9E00A95BD7 /* SwipeGuideMessage.swift */; };
		7EBD31752B0B2B1300D5514D /* HistoryInfoItemView.swift in Sources */ = {isa = PBXBuildFile; fileRef = CE2744002AFBE08B006C2645 /* HistoryInfoItemView.swift */; };
		7EBD31762B0B2B1300D5514D /* HistoryItemLocationEditView.swift in Sources */ = {isa = PBXBuildFile; fileRef = CE2744022AFBE0D3006C2645 /* HistoryItemLocationEditView.swift */; };
		7EBD31772B0B2B1300D5514D /* ScrollOffsetObserver.swift in Sources */ = {isa = PBXBuildFile; fileRef = EFA9EDA32AF3D6E60099AB56 /* ScrollOffsetObserver.swift */; };
		7EBD31782B0B2B1300D5514D /* CustomHistoryView.swift in Sources */ = {isa = PBXBuildFile; fileRef = CE0CBF222B0119030048C784 /* CustomHistoryView.swift */; };
		7ED9AA082ACE8E4300B1EA4E /* Preview Assets.xcassets in Resources */ = {isa = PBXBuildFile; fileRef = 7E8D17CB2ACE8AED00E904E5 /* Preview Assets.xcassets */; };
		7ED9AA092ACE8E4300B1EA4E /* Assets.xcassets in Resources */ = {isa = PBXBuildFile; fileRef = 7E8D17C82ACE8AED00E904E5 /* Assets.xcassets */; };
		7EEEFB622B0F360E0003763A /* View+TKAlert.swift in Sources */ = {isa = PBXBuildFile; fileRef = 7EEEFB612B0F360E0003763A /* View+TKAlert.swift */; };
		CE405C2D2B0CD7E4003F2586 /* OptionalInt+Distance.swift in Sources */ = {isa = PBXBuildFile; fileRef = CE405C2C2B0CD7E4003F2586 /* OptionalInt+Distance.swift */; };
/* End PBXBuildFile section */

/* Begin PBXContainerItemProxy section */
		7E8D17D22ACE8AED00E904E5 /* PBXContainerItemProxy */ = {
			isa = PBXContainerItemProxy;
			containerPortal = 7E8D17B92ACE8AEC00E904E5 /* Project object */;
			proxyType = 1;
			remoteGlobalIDString = 7E8D17C02ACE8AEC00E904E5;
			remoteInfo = talklat;
		};
		7E8D17DC2ACE8AED00E904E5 /* PBXContainerItemProxy */ = {
			isa = PBXContainerItemProxy;
			containerPortal = 7E8D17B92ACE8AEC00E904E5 /* Project object */;
			proxyType = 1;
			remoteGlobalIDString = 7E8D17C02ACE8AEC00E904E5;
			remoteInfo = talklat;
		};
/* End PBXContainerItemProxy section */

/* Begin PBXFileReference section */
		5713DC4F2B0C9B9200ECF34B /* View+SwipeGesture.swift */ = {isa = PBXFileReference; lastKnownFileType = sourcecode.swift; path = "View+SwipeGesture.swift"; sourceTree = "<group>"; };
		5713DC4B2B0B3BC600ECF34B /* BDText.swift */ = {isa = PBXFileReference; lastKnownFileType = sourcecode.swift; path = BDText.swift; sourceTree = "<group>"; };
		572304FE2B00AF350098FFF5 /* TextReplacementViewStore.swift */ = {isa = PBXFileReference; lastKnownFileType = sourcecode.swift; path = TextReplacementViewStore.swift; sourceTree = "<group>"; };
		572A82032B03300B00753516 /* Character+Consonant.swift */ = {isa = PBXFileReference; lastKnownFileType = sourcecode.swift; path = "Character+Consonant.swift"; sourceTree = "<group>"; };
		574D418B2B05E662007EFE90 /* SettingsTeamView.swift */ = {isa = PBXFileReference; lastKnownFileType = sourcecode.swift; path = SettingsTeamView.swift; sourceTree = "<group>"; };
		575677DE2AD6BE47002E01BE /* SignalExtractor.swift */ = {isa = PBXFileReference; lastKnownFileType = sourcecode.swift; path = SignalExtractor.swift; sourceTree = "<group>"; };
		575677E02ADA6F13002E01BE /* TLTextField.swift */ = {isa = PBXFileReference; lastKnownFileType = sourcecode.swift; path = TLTextField.swift; sourceTree = "<group>"; };
		5769BF9C2AFB5B900036CF3D /* TKTextReplacementManager.swift */ = {isa = PBXFileReference; lastKnownFileType = sourcecode.swift; path = TKTextReplacementManager.swift; sourceTree = "<group>"; };
		5769BFDF2AFE142F0036CF3D /* String+Language.swift */ = {isa = PBXFileReference; lastKnownFileType = sourcecode.swift; path = "String+Language.swift"; sourceTree = "<group>"; };
		577B45172B0DE76500DA010E /* Pretendard-Thin.otf */ = {isa = PBXFileReference; lastKnownFileType = file; path = "Pretendard-Thin.otf"; sourceTree = "<group>"; };
		577B45182B0DE76500DA010E /* Pretendard-Black.otf */ = {isa = PBXFileReference; lastKnownFileType = file; path = "Pretendard-Black.otf"; sourceTree = "<group>"; };
		577B45192B0DE76500DA010E /* Pretendard-SemiBold.otf */ = {isa = PBXFileReference; lastKnownFileType = file; path = "Pretendard-SemiBold.otf"; sourceTree = "<group>"; };
		577B451A2B0DE76500DA010E /* Pretendard-ExtraBold.otf */ = {isa = PBXFileReference; lastKnownFileType = file; path = "Pretendard-ExtraBold.otf"; sourceTree = "<group>"; };
		577B451B2B0DE76500DA010E /* Pretendard-ExtraLight.otf */ = {isa = PBXFileReference; lastKnownFileType = file; path = "Pretendard-ExtraLight.otf"; sourceTree = "<group>"; };
		577B451C2B0DE76500DA010E /* Pretendard-Light.otf */ = {isa = PBXFileReference; lastKnownFileType = file; path = "Pretendard-Light.otf"; sourceTree = "<group>"; };
		577B451D2B0DE76500DA010E /* Pretendard-Medium.otf */ = {isa = PBXFileReference; lastKnownFileType = file; path = "Pretendard-Medium.otf"; sourceTree = "<group>"; };
		577B451E2B0DE76500DA010E /* Pretendard-Bold.otf */ = {isa = PBXFileReference; lastKnownFileType = file; path = "Pretendard-Bold.otf"; sourceTree = "<group>"; };
		577B451F2B0DE76500DA010E /* Pretendard-Regular.otf */ = {isa = PBXFileReference; lastKnownFileType = file; path = "Pretendard-Regular.otf"; sourceTree = "<group>"; };
		577B45292B0DE78E00DA010E /* bisdam-Info.plist */ = {isa = PBXFileReference; lastKnownFileType = text.plist; path = "bisdam-Info.plist"; sourceTree = "<group>"; };
		57806D7F2AE28ED3003A7B19 /* HistoryItem.swift */ = {isa = PBXFileReference; lastKnownFileType = sourcecode.swift; path = HistoryItem.swift; sourceTree = "<group>"; };
		57E76EB62ACEC91A00D79553 /* StaffSpeechView.swift */ = {isa = PBXFileReference; lastKnownFileType = sourcecode.swift; path = StaffSpeechView.swift; sourceTree = "<group>"; };
		57E985AD2AFA1AA400716B90 /* TestTKSettingView.swift */ = {isa = PBXFileReference; lastKnownFileType = sourcecode.swift; path = TestTKSettingView.swift; sourceTree = "<group>"; };
		7E0188D82B05F230005AA4D0 /* TKOnboardingAuthReqeustView.swift */ = {isa = PBXFileReference; lastKnownFileType = sourcecode.swift; path = TKOnboardingAuthReqeustView.swift; sourceTree = "<group>"; };
		7E0313802B04F8BB0090A704 /* TKSplashView.swift */ = {isa = PBXFileReference; lastKnownFileType = sourcecode.swift; path = TKSplashView.swift; sourceTree = "<group>"; };
		7E427EE02AE9559D0028E4F4 /* TKConversationViewStore.swift */ = {isa = PBXFileReference; lastKnownFileType = sourcecode.swift; path = TKConversationViewStore.swift; sourceTree = "<group>"; };
		7E4A6CD82AFB2C100014DDB8 /* TKMainView.swift */ = {isa = PBXFileReference; lastKnownFileType = sourcecode.swift; path = TKMainView.swift; sourceTree = "<group>"; };
		7E4A6CDA2AFB2C350014DDB8 /* TKMainViewStore.swift */ = {isa = PBXFileReference; lastKnownFileType = sourcecode.swift; path = TKMainViewStore.swift; sourceTree = "<group>"; };
		7E4A6CDC2AFB7F7C0014DDB8 /* TKOrbitCircles.swift */ = {isa = PBXFileReference; lastKnownFileType = sourcecode.swift; path = TKOrbitCircles.swift; sourceTree = "<group>"; };
		7E4A6CDE2AFBAB980014DDB8 /* TKDraggableList.swift */ = {isa = PBXFileReference; lastKnownFileType = sourcecode.swift; path = TKDraggableList.swift; sourceTree = "<group>"; };
		7E4A6CE02AFBABC90014DDB8 /* TKRecentConversationListView.swift */ = {isa = PBXFileReference; lastKnownFileType = sourcecode.swift; path = TKRecentConversationListView.swift; sourceTree = "<group>"; };
		7E6494C92AFCD08100FB478C /* TKBreathingCircles.swift */ = {isa = PBXFileReference; lastKnownFileType = sourcecode.swift; path = TKBreathingCircles.swift; sourceTree = "<group>"; };
		7E6641252B03C03F00CDC6AB /* TKConversationViewStore.swift */ = {isa = PBXFileReference; fileEncoding = 4; lastKnownFileType = sourcecode.swift; path = TKConversationViewStore.swift; sourceTree = "<group>"; };
		7E8445D92ADFB4FC00CFB8BC /* Color+Hex.swift */ = {isa = PBXFileReference; lastKnownFileType = sourcecode.swift; path = "Color+Hex.swift"; sourceTree = "<group>"; };
		7E8445DD2ADFBBD900CFB8BC /* TKColor.swift */ = {isa = PBXFileReference; lastKnownFileType = sourcecode.swift; path = TKColor.swift; sourceTree = "<group>"; };
		7E8906402ACEA31500C9947A /* TKConversationView.swift */ = {isa = PBXFileReference; lastKnownFileType = sourcecode.swift; path = TKConversationView.swift; sourceTree = "<group>"; };
		7E892E402B0350CF00788DCF /* TKAlert.swift */ = {isa = PBXFileReference; lastKnownFileType = sourcecode.swift; path = TKAlert.swift; sourceTree = "<group>"; };
		7E892E422B036A5900788DCF /* TKToast.swift */ = {isa = PBXFileReference; lastKnownFileType = sourcecode.swift; path = TKToast.swift; sourceTree = "<group>"; };
		7E8D17C12ACE8AEC00E904E5 /* bisdam.app */ = {isa = PBXFileReference; explicitFileType = wrapper.application; includeInIndex = 0; path = bisdam.app; sourceTree = BUILT_PRODUCTS_DIR; };
		7E8D17C42ACE8AEC00E904E5 /* talklatApp.swift */ = {isa = PBXFileReference; lastKnownFileType = sourcecode.swift; path = talklatApp.swift; sourceTree = "<group>"; };
		7E8D17C82ACE8AED00E904E5 /* Assets.xcassets */ = {isa = PBXFileReference; lastKnownFileType = folder.assetcatalog; path = Assets.xcassets; sourceTree = "<group>"; };
		7E8D17CB2ACE8AED00E904E5 /* Preview Assets.xcassets */ = {isa = PBXFileReference; lastKnownFileType = folder.assetcatalog; path = "Preview Assets.xcassets"; sourceTree = "<group>"; };
		7E8D17D12ACE8AED00E904E5 /* bisdamTests.xctest */ = {isa = PBXFileReference; explicitFileType = wrapper.cfbundle; includeInIndex = 0; path = bisdamTests.xctest; sourceTree = BUILT_PRODUCTS_DIR; };
		7E8D17D52ACE8AED00E904E5 /* talklatTests.swift */ = {isa = PBXFileReference; lastKnownFileType = sourcecode.swift; path = talklatTests.swift; sourceTree = "<group>"; };
		7E8D17DB2ACE8AED00E904E5 /* bisdamUITests.xctest */ = {isa = PBXFileReference; explicitFileType = wrapper.cfbundle; includeInIndex = 0; path = bisdamUITests.xctest; sourceTree = BUILT_PRODUCTS_DIR; };
		7E8D17DF2ACE8AED00E904E5 /* talklatUITests.swift */ = {isa = PBXFileReference; lastKnownFileType = sourcecode.swift; path = talklatUITests.swift; sourceTree = "<group>"; };
		7E8D17E12ACE8AED00E904E5 /* talklatUITestsLaunchTests.swift */ = {isa = PBXFileReference; lastKnownFileType = sourcecode.swift; path = talklatUITestsLaunchTests.swift; sourceTree = "<group>"; };
		7EA146AC2AFFDFCF003A37CE /* EnvironmentValues+Namespace.swift */ = {isa = PBXFileReference; lastKnownFileType = sourcecode.swift; path = "EnvironmentValues+Namespace.swift"; sourceTree = "<group>"; };
		7EA8A78A2AD502D600AFD687 /* GyroScopeStore.swift */ = {isa = PBXFileReference; fileEncoding = 4; lastKnownFileType = sourcecode.swift; path = GyroScopeStore.swift; sourceTree = "<group>"; };
		7EA9D34C2AFA19BE00A0EE99 /* TKReducer.swift */ = {isa = PBXFileReference; lastKnownFileType = sourcecode.swift; path = TKReducer.swift; sourceTree = "<group>"; };
		7EAEEC9C2AFF43B20066B36C /* TKTypingView.swift */ = {isa = PBXFileReference; lastKnownFileType = sourcecode.swift; path = TKTypingView.swift; sourceTree = "<group>"; };
		7EAEEC9E2AFF447F0066B36C /* TKListeningView.swift */ = {isa = PBXFileReference; lastKnownFileType = sourcecode.swift; path = TKListeningView.swift; sourceTree = "<group>"; };
		7EAEECA02AFF8F810066B36C /* TKSavingView.swift */ = {isa = PBXFileReference; lastKnownFileType = sourcecode.swift; path = TKSavingView.swift; sourceTree = "<group>"; };
		7EC585292B05B97600EDB171 /* TKTextReplacementListView.swift */ = {isa = PBXFileReference; fileEncoding = 4; lastKnownFileType = sourcecode.swift; path = TKTextReplacementListView.swift; sourceTree = "<group>"; };
		7EC5852A2B05B97600EDB171 /* SectionIndexTitles.swift */ = {isa = PBXFileReference; fileEncoding = 4; lastKnownFileType = sourcecode.swift; path = SectionIndexTitles.swift; sourceTree = "<group>"; };
		7EC5852B2B05B97600EDB171 /* SettingTRTextField.swift */ = {isa = PBXFileReference; fileEncoding = 4; lastKnownFileType = sourcecode.swift; path = SettingTRTextField.swift; sourceTree = "<group>"; };
		7EC5852C2B05B97600EDB171 /* SettingTRSearchBar.swift */ = {isa = PBXFileReference; fileEncoding = 4; lastKnownFileType = sourcecode.swift; path = SettingTRSearchBar.swift; sourceTree = "<group>"; };
		7EC5852D2B05B97600EDB171 /* TextReplacementRow.swift */ = {isa = PBXFileReference; fileEncoding = 4; lastKnownFileType = sourcecode.swift; path = TextReplacementRow.swift; sourceTree = "<group>"; };
		7EC5852E2B05B97600EDB171 /* TKTextReplacementEditView.swift */ = {isa = PBXFileReference; fileEncoding = 4; lastKnownFileType = sourcecode.swift; path = TKTextReplacementEditView.swift; sourceTree = "<group>"; };
		7EC5852F2B05B97600EDB171 /* TKTextReplacementSearchView.swift */ = {isa = PBXFileReference; fileEncoding = 4; lastKnownFileType = sourcecode.swift; path = TKTextReplacementSearchView.swift; sourceTree = "<group>"; };
		7EC585302B05B97600EDB171 /* TKTextReplacementAddView.swift */ = {isa = PBXFileReference; fileEncoding = 4; lastKnownFileType = sourcecode.swift; path = TKTextReplacementAddView.swift; sourceTree = "<group>"; };
		7EC585392B05BB9F00EDB171 /* TKOnboardingView.swift */ = {isa = PBXFileReference; lastKnownFileType = sourcecode.swift; path = TKOnboardingView.swift; sourceTree = "<group>"; };
		7ED6BB132B00B2F5006D02DC /* TKScrollView.swift */ = {isa = PBXFileReference; lastKnownFileType = sourcecode.swift; path = TKScrollView.swift; sourceTree = "<group>"; };
		7EE087E72ADD4FAE00E07720 /* TKHistoryView.swift */ = {isa = PBXFileReference; lastKnownFileType = sourcecode.swift; path = TKHistoryView.swift; sourceTree = "<group>"; };
		7EE71BAE2AF0F28E001C0A28 /* TKTransitionTestView.swift */ = {isa = PBXFileReference; lastKnownFileType = sourcecode.swift; path = TKTransitionTestView.swift; sourceTree = "<group>"; };
		7EEEFB612B0F360E0003763A /* View+TKAlert.swift */ = {isa = PBXFileReference; lastKnownFileType = sourcecode.swift; path = "View+TKAlert.swift"; sourceTree = "<group>"; };
		7EF737932AD3DE5600FCBA21 /* Constants.swift */ = {isa = PBXFileReference; lastKnownFileType = sourcecode.swift; path = Constants.swift; sourceTree = "<group>"; };
		7EF737962AD43EE000FCBA21 /* TKTextField.swift */ = {isa = PBXFileReference; lastKnownFileType = sourcecode.swift; path = TKTextField.swift; sourceTree = "<group>"; };
		7EF74B642B073DFB00DCBA82 /* SettingsTeamView.swift */ = {isa = PBXFileReference; fileEncoding = 4; lastKnownFileType = sourcecode.swift; path = SettingsTeamView.swift; sourceTree = "<group>"; };
		7EFA2C2A2AD51FC80013B533 /* Double+Degree.swift */ = {isa = PBXFileReference; lastKnownFileType = sourcecode.swift; path = "Double+Degree.swift"; sourceTree = "<group>"; };
		7EFE53772AE6228300DF4D85 /* View+Keyboard.swift */ = {isa = PBXFileReference; lastKnownFileType = sourcecode.swift; path = "View+Keyboard.swift"; sourceTree = "<group>"; };
		CE0CBF142B01157A0048C784 /* SectionHeaderView.swift */ = {isa = PBXFileReference; lastKnownFileType = sourcecode.swift; path = SectionHeaderView.swift; sourceTree = "<group>"; };
		CE0CBF162B0115900048C784 /* ChatMessageCell.swift */ = {isa = PBXFileReference; lastKnownFileType = sourcecode.swift; path = ChatMessageCell.swift; sourceTree = "<group>"; };
		CE0CBF182B0115F80048C784 /* CustomTableViewController.swift */ = {isa = PBXFileReference; lastKnownFileType = sourcecode.swift; path = CustomTableViewController.swift; sourceTree = "<group>"; };
		CE0CBF1A2B01160D0048C784 /* HistoryViewController.swift */ = {isa = PBXFileReference; lastKnownFileType = sourcecode.swift; path = HistoryViewController.swift; sourceTree = "<group>"; };
		CE0CBF1E2B01186E0048C784 /* SheetWebView.swift */ = {isa = PBXFileReference; lastKnownFileType = sourcecode.swift; path = SheetWebView.swift; sourceTree = "<group>"; };
		CE0CBF202B0118A70048C784 /* CustomHistoryViewControllerRepresentable.swift */ = {isa = PBXFileReference; lastKnownFileType = sourcecode.swift; path = CustomHistoryViewControllerRepresentable.swift; sourceTree = "<group>"; };
		CE0CBF222B0119030048C784 /* CustomHistoryView.swift */ = {isa = PBXFileReference; lastKnownFileType = sourcecode.swift; path = CustomHistoryView.swift; sourceTree = "<group>"; };
		CE0CBF252B011EF70048C784 /* Date+Formatter.swift */ = {isa = PBXFileReference; lastKnownFileType = sourcecode.swift; path = "Date+Formatter.swift"; sourceTree = "<group>"; };
		CE0CBF272B0122F70048C784 /* ChatMessage.swift */ = {isa = PBXFileReference; lastKnownFileType = sourcecode.swift; path = ChatMessage.swift; sourceTree = "<group>"; };
		CE0CBF292B0287E50048C784 /* CustomAlertView.swift */ = {isa = PBXFileReference; lastKnownFileType = sourcecode.swift; path = CustomAlertView.swift; sourceTree = "<group>"; };
		CE0CBF4F2B04D8BA0048C784 /* TKHistoryInfoStore.swift */ = {isa = PBXFileReference; lastKnownFileType = sourcecode.swift; path = TKHistoryInfoStore.swift; sourceTree = "<group>"; };
		CE1C43302AF8DB7700EC46C8 /* LocationDataManager.swift */ = {isa = PBXFileReference; lastKnownFileType = sourcecode.swift; path = LocationDataManager.swift; sourceTree = "<group>"; };
		CE2744002AFBE08B006C2645 /* HistoryInfoItemView.swift */ = {isa = PBXFileReference; lastKnownFileType = sourcecode.swift; path = HistoryInfoItemView.swift; sourceTree = "<group>"; };
		CE2744022AFBE0D3006C2645 /* HistoryItemLocationEditView.swift */ = {isa = PBXFileReference; lastKnownFileType = sourcecode.swift; path = HistoryItemLocationEditView.swift; sourceTree = "<group>"; };
		CE405C2C2B0CD7E4003F2586 /* OptionalInt+Distance.swift */ = {isa = PBXFileReference; lastKnownFileType = sourcecode.swift; path = "OptionalInt+Distance.swift"; sourceTree = "<group>"; };
		CE79CAEA2AF0CEC20007713B /* TKLocationStore.swift */ = {isa = PBXFileReference; lastKnownFileType = sourcecode.swift; path = TKLocationStore.swift; sourceTree = "<group>"; };
		CEF43C472ADA97FF00DE02A9 /* HapticManager.swift */ = {isa = PBXFileReference; lastKnownFileType = sourcecode.swift; path = HapticManager.swift; sourceTree = "<group>"; };
		EF1162AA2AFCB90F000D0F5B /* HistoryListSearchView.swift */ = {isa = PBXFileReference; lastKnownFileType = sourcecode.swift; path = HistoryListSearchView.swift; sourceTree = "<group>"; };
		EF1162AD2AFCBB6F000D0F5B /* AWTextField.swift */ = {isa = PBXFileReference; lastKnownFileType = sourcecode.swift; path = AWTextField.swift; sourceTree = "<group>"; };
		EF1162AF2AFCEBD7000D0F5B /* TKUnavailableViewBuilder.swift */ = {isa = PBXFileReference; lastKnownFileType = sourcecode.swift; path = TKUnavailableViewBuilder.swift; sourceTree = "<group>"; };
		EF1162B12AFCF30C000D0F5B /* SearchBarView.swift */ = {isa = PBXFileReference; lastKnownFileType = sourcecode.swift; path = SearchBarView.swift; sourceTree = "<group>"; };
		EF3B16C22B00C5A500CDB484 /* TKContent.swift */ = {isa = PBXFileReference; lastKnownFileType = sourcecode.swift; path = TKContent.swift; sourceTree = "<group>"; };
		EF3B16C42B00C5C200CDB484 /* TKLocation.swift */ = {isa = PBXFileReference; lastKnownFileType = sourcecode.swift; path = TKLocation.swift; sourceTree = "<group>"; };
		EF3B16C62B00C5DD00CDB484 /* TKDataManager.swift */ = {isa = PBXFileReference; lastKnownFileType = sourcecode.swift; path = TKDataManager.swift; sourceTree = "<group>"; };
		EF3B16C82B00C5FC00CDB484 /* TKSwiftDataStore.swift */ = {isa = PBXFileReference; lastKnownFileType = sourcecode.swift; path = TKSwiftDataStore.swift; sourceTree = "<group>"; };
		EF3B16CA2B00C61E00CDB484 /* DataTestingView.swift */ = {isa = PBXFileReference; lastKnownFileType = sourcecode.swift; path = DataTestingView.swift; sourceTree = "<group>"; };
		EF3F439D2AF7FF4700DFC98B /* TKConversation.swift */ = {isa = PBXFileReference; lastKnownFileType = sourcecode.swift; path = TKConversation.swift; sourceTree = "<group>"; };
		EF67C64A2ACEB67000C1074E /* SpeechRecognizer.swift */ = {isa = PBXFileReference; lastKnownFileType = sourcecode.swift; path = SpeechRecognizer.swift; sourceTree = "<group>"; };
		EF67C6522AD13BF700C1074E /* SpeechAuthManager.swift */ = {isa = PBXFileReference; lastKnownFileType = sourcecode.swift; path = SpeechAuthManager.swift; sourceTree = "<group>"; };
		EF67C6562AD1414300C1074E /* AuthorizationRequestView.swift */ = {isa = PBXFileReference; lastKnownFileType = sourcecode.swift; path = AuthorizationRequestView.swift; sourceTree = "<group>"; };
		EF75C6112B06184C00F83FFE /* LoadingWebView.swift */ = {isa = PBXFileReference; lastKnownFileType = sourcecode.swift; path = LoadingWebView.swift; sourceTree = "<group>"; };
		EF75C6132B06191000F83FFE /* WebView.swift */ = {isa = PBXFileReference; lastKnownFileType = sourcecode.swift; path = WebView.swift; sourceTree = "<group>"; };
		EF7938962AFB748100402A4E /* HistoryListView.swift */ = {isa = PBXFileReference; lastKnownFileType = sourcecode.swift; path = HistoryListView.swift; sourceTree = "<group>"; };
		EF79389A2AFB754100402A4E /* SampleTKConversation.swift */ = {isa = PBXFileReference; lastKnownFileType = sourcecode.swift; path = SampleTKConversation.swift; sourceTree = "<group>"; };
		EF7BB3222B03970300F8FEC9 /* SettingsDisplayView.swift */ = {isa = PBXFileReference; lastKnownFileType = sourcecode.swift; path = SettingsDisplayView.swift; sourceTree = "<group>"; };
		EF7BB3242B03A38000F8FEC9 /* TKListCell.swift */ = {isa = PBXFileReference; lastKnownFileType = sourcecode.swift; path = TKListCell.swift; sourceTree = "<group>"; };
		EF7BB3282B03B78300F8FEC9 /* SettingsHapticView.swift */ = {isa = PBXFileReference; lastKnownFileType = sourcecode.swift; path = SettingsHapticView.swift; sourceTree = "<group>"; };
		EF7BB32A2B03BB4100F8FEC9 /* SettingsGestureView.swift */ = {isa = PBXFileReference; lastKnownFileType = sourcecode.swift; path = SettingsGestureView.swift; sourceTree = "<group>"; };
		EF7BB32C2B03BCC200F8FEC9 /* SettingsAppInfoView.swift */ = {isa = PBXFileReference; lastKnownFileType = sourcecode.swift; path = SettingsAppInfoView.swift; sourceTree = "<group>"; };
		EF7BB3302B03CFC100F8FEC9 /* SettingsHelpView.swift */ = {isa = PBXFileReference; lastKnownFileType = sourcecode.swift; path = SettingsHelpView.swift; sourceTree = "<group>"; };
		EF7BB3352B03D68400F8FEC9 /* EmailView.swift */ = {isa = PBXFileReference; lastKnownFileType = sourcecode.swift; path = EmailView.swift; sourceTree = "<group>"; };
		EF7BB3372B03DF6600F8FEC9 /* SettingsGuidingView.swift */ = {isa = PBXFileReference; lastKnownFileType = sourcecode.swift; path = SettingsGuidingView.swift; sourceTree = "<group>"; };
		EF7BB3392B03E3EC00F8FEC9 /* SettingsGuidingEditView.swift */ = {isa = PBXFileReference; lastKnownFileType = sourcecode.swift; path = SettingsGuidingEditView.swift; sourceTree = "<group>"; };
		EF7BB33B2B03E6DA00F8FEC9 /* SettingTRTextFieldToBeReplaced.swift */ = {isa = PBXFileReference; lastKnownFileType = sourcecode.swift; path = SettingTRTextFieldToBeReplaced.swift; sourceTree = "<group>"; };
		EF7BB33D2B03EC0A00F8FEC9 /* SettingsGuidingPreView.swift */ = {isa = PBXFileReference; lastKnownFileType = sourcecode.swift; path = SettingsGuidingPreView.swift; sourceTree = "<group>"; };
		EF7BB33F2B05A13000F8FEC9 /* SettingTextField.swift */ = {isa = PBXFileReference; lastKnownFileType = sourcecode.swift; path = SettingTextField.swift; sourceTree = "<group>"; };
		EF80674F2AF7ECF4004E8955 /* TKTextReplacement.swift */ = {isa = PBXFileReference; lastKnownFileType = sourcecode.swift; path = TKTextReplacement.swift; sourceTree = "<group>"; };
		EF90C51E2AE0B39B00A95BD7 /* ScrollContainer.swift */ = {isa = PBXFileReference; lastKnownFileType = sourcecode.swift; path = ScrollContainer.swift; sourceTree = "<group>"; };
		EF90C5202AE0FE9E00A95BD7 /* SwipeGuideMessage.swift */ = {isa = PBXFileReference; lastKnownFileType = sourcecode.swift; path = SwipeGuideMessage.swift; sourceTree = "<group>"; };
		EFA9EDA12AF35CC40099AB56 /* TKGuidingView.swift */ = {isa = PBXFileReference; fileEncoding = 4; lastKnownFileType = sourcecode.swift; path = TKGuidingView.swift; sourceTree = "<group>"; };
		EFA9EDA32AF3D6E60099AB56 /* ScrollOffsetObserver.swift */ = {isa = PBXFileReference; lastKnownFileType = sourcecode.swift; path = ScrollOffsetObserver.swift; sourceTree = "<group>"; };
		EFF347432B020DD900D2D1FB /* SettingsListView.swift */ = {isa = PBXFileReference; lastKnownFileType = sourcecode.swift; path = SettingsListView.swift; sourceTree = "<group>"; };
		EFFE7A6C2B05BC7000E17AA1 /* TKAuthManager.swift */ = {isa = PBXFileReference; lastKnownFileType = sourcecode.swift; path = TKAuthManager.swift; sourceTree = "<group>"; };
/* End PBXFileReference section */

/* Begin PBXFrameworksBuildPhase section */
		7E8D17BE2ACE8AEC00E904E5 /* Frameworks */ = {
			isa = PBXFrameworksBuildPhase;
			buildActionMask = 2147483647;
			files = (
			);
			runOnlyForDeploymentPostprocessing = 0;
		};
		7E8D17CE2ACE8AED00E904E5 /* Frameworks */ = {
			isa = PBXFrameworksBuildPhase;
			buildActionMask = 2147483647;
			files = (
			);
			runOnlyForDeploymentPostprocessing = 0;
		};
		7E8D17D82ACE8AED00E904E5 /* Frameworks */ = {
			isa = PBXFrameworksBuildPhase;
			buildActionMask = 2147483647;
			files = (
			);
			runOnlyForDeploymentPostprocessing = 0;
		};
/* End PBXFrameworksBuildPhase section */

/* Begin PBXGroup section */
		5713DC4A2B0B3B9100ECF34B /* DesignSystem */ = {
			isa = PBXGroup;
			children = (
				577B45162B0DE74700DA010E /* Fonts */,
				5713DC4B2B0B3BC600ECF34B /* BDText.swift */,
			);
			path = DesignSystem;
			sourceTree = "<group>";
		};
		577B45162B0DE74700DA010E /* Fonts */ = {
			isa = PBXGroup;
			children = (
				577B45182B0DE76500DA010E /* Pretendard-Black.otf */,
				577B451E2B0DE76500DA010E /* Pretendard-Bold.otf */,
				577B451A2B0DE76500DA010E /* Pretendard-ExtraBold.otf */,
				577B451B2B0DE76500DA010E /* Pretendard-ExtraLight.otf */,
				577B451C2B0DE76500DA010E /* Pretendard-Light.otf */,
				577B451D2B0DE76500DA010E /* Pretendard-Medium.otf */,
				577B451F2B0DE76500DA010E /* Pretendard-Regular.otf */,
				577B45192B0DE76500DA010E /* Pretendard-SemiBold.otf */,
				577B45172B0DE76500DA010E /* Pretendard-Thin.otf */,
			);
			path = Fonts;
			sourceTree = "<group>";
		};
		57806D7E2AE28E85003A7B19 /* Models */ = {
			isa = PBXGroup;
			children = (
				57806D7F2AE28ED3003A7B19 /* HistoryItem.swift */,
				CE0CBF272B0122F70048C784 /* ChatMessage.swift */,
				EF80674F2AF7ECF4004E8955 /* TKTextReplacement.swift */,
				EF3F439D2AF7FF4700DFC98B /* TKConversation.swift */,
				EF3B16C22B00C5A500CDB484 /* TKContent.swift */,
				EF3B16C42B00C5C200CDB484 /* TKLocation.swift */,
				EF79389A2AFB754100402A4E /* SampleTKConversation.swift */,
			);
			path = Models;
			sourceTree = "<group>";
		};
		7E0188D72B05F20D005AA4D0 /* Onboarding */ = {
			isa = PBXGroup;
			children = (
				7EC585392B05BB9F00EDB171 /* TKOnboardingView.swift */,
				7E0188D82B05F230005AA4D0 /* TKOnboardingAuthReqeustView.swift */,
			);
			path = Onboarding;
			sourceTree = "<group>";
		};
		7E4A6CD72AFB2C030014DDB8 /* Main */ = {
			isa = PBXGroup;
			children = (
				7E4A6CD82AFB2C100014DDB8 /* TKMainView.swift */,
				7E4A6CDE2AFBAB980014DDB8 /* TKDraggableList.swift */,
				7E4A6CE02AFBABC90014DDB8 /* TKRecentConversationListView.swift */,
			);
			path = Main;
			sourceTree = "<group>";
		};
		7E6641242B03BB3800CDC6AB /* DEPRECATED */ = {
			isa = PBXGroup;
			children = (
				CE1C43302AF8DB7700EC46C8 /* LocationDataManager.swift */,
				EF3B16CA2B00C61E00CDB484 /* DataTestingView.swift */,
				EF7BB33B2B03E6DA00F8FEC9 /* SettingTRTextFieldToBeReplaced.swift */,
				EF67C6562AD1414300C1074E /* AuthorizationRequestView.swift */,
				57E76EB62ACEC91A00D79553 /* StaffSpeechView.swift */,
				57E985AD2AFA1AA400716B90 /* TestTKSettingView.swift */,
				7EE71BAE2AF0F28E001C0A28 /* TKTransitionTestView.swift */,
				7EF737962AD43EE000FCBA21 /* TKTextField.swift */,
			);
			path = DEPRECATED;
			sourceTree = "<group>";
		};
		7E8D17B82ACE8AEC00E904E5 = {
			isa = PBXGroup;
			children = (
				577B45292B0DE78E00DA010E /* bisdam-Info.plist */,
				7E8D17C32ACE8AEC00E904E5 /* talklat */,
				7E8D17D42ACE8AED00E904E5 /* talklatTests */,
				7E8D17DE2ACE8AED00E904E5 /* talklatUITests */,
				7E8D17C22ACE8AEC00E904E5 /* Products */,
			);
			sourceTree = "<group>";
		};
		7E8D17C22ACE8AEC00E904E5 /* Products */ = {
			isa = PBXGroup;
			children = (
				7E8D17C12ACE8AEC00E904E5 /* bisdam.app */,
				7E8D17D12ACE8AED00E904E5 /* bisdamTests.xctest */,
				7E8D17DB2ACE8AED00E904E5 /* bisdamUITests.xctest */,
			);
			name = Products;
			sourceTree = "<group>";
		};
		7E8D17C32ACE8AEC00E904E5 /* talklat */ = {
			isa = PBXGroup;
			children = (
				7E8D17C42ACE8AEC00E904E5 /* talklatApp.swift */,
				7E8D17EF2ACE8B8900E904E5 /* Sources */,
				7E8D17EE2ACE8B1400E904E5 /* Resources */,
			);
			path = talklat;
			sourceTree = "<group>";
		};
		7E8D17CA2ACE8AED00E904E5 /* Preview Content */ = {
			isa = PBXGroup;
			children = (
				7E8D17CB2ACE8AED00E904E5 /* Preview Assets.xcassets */,
			);
			path = "Preview Content";
			sourceTree = "<group>";
		};
		7E8D17D42ACE8AED00E904E5 /* talklatTests */ = {
			isa = PBXGroup;
			children = (
				7E8D17D52ACE8AED00E904E5 /* talklatTests.swift */,
			);
			path = talklatTests;
			sourceTree = "<group>";
		};
		7E8D17DE2ACE8AED00E904E5 /* talklatUITests */ = {
			isa = PBXGroup;
			children = (
				7E8D17DF2ACE8AED00E904E5 /* talklatUITests.swift */,
				7E8D17E12ACE8AED00E904E5 /* talklatUITestsLaunchTests.swift */,
			);
			path = talklatUITests;
			sourceTree = "<group>";
		};
		7E8D17EE2ACE8B1400E904E5 /* Resources */ = {
			isa = PBXGroup;
			children = (
				7E8D17CA2ACE8AED00E904E5 /* Preview Content */,
				7E8D17C82ACE8AED00E904E5 /* Assets.xcassets */,
			);
			path = Resources;
			sourceTree = "<group>";
		};
		7E8D17EF2ACE8B8900E904E5 /* Sources */ = {
			isa = PBXGroup;
			children = (
				7E6641242B03BB3800CDC6AB /* DEPRECATED */,
				7EE909BE2AFA6B6A0048AF77 /* Protocols */,
				57806D7E2AE28E85003A7B19 /* Models */,
				7EF737922AD3DE4C00FCBA21 /* Utilities */,
				7EF7378D2AD3D23F00FCBA21 /* Stores */,
				EF67C6492ACEB65400C1074E /* Managers */,
				7E8D17F02ACE8BA300E904E5 /* Views */,
			);
			path = Sources;
			sourceTree = "<group>";
		};
		7E8D17F02ACE8BA300E904E5 /* Views */ = {
			isa = PBXGroup;
			children = (
				7E0188D72B05F20D005AA4D0 /* Onboarding */,
				EF7BB3202B0396DA00F8FEC9 /* Settings_ */,
				7E4A6CD72AFB2C030014DDB8 /* Main */,
				7EE71BAC2AF0E175001C0A28 /* Conversation */,
				CE0CBF242B011BBA0048C784 /* CustomHistoryViewController */,
				EF7938952AFB746D00402A4E /* History */,
				7EF737952AD43E8300FCBA21 /* Components */,
				EF90C51E2AE0B39B00A95BD7 /* ScrollContainer.swift */,
				EF90C5202AE0FE9E00A95BD7 /* SwipeGuideMessage.swift */,
				CE2744002AFBE08B006C2645 /* HistoryInfoItemView.swift */,
				CE2744022AFBE0D3006C2645 /* HistoryItemLocationEditView.swift */,
				EFA9EDA32AF3D6E60099AB56 /* ScrollOffsetObserver.swift */,
				CE0CBF222B0119030048C784 /* CustomHistoryView.swift */,
			);
			path = Views;
			sourceTree = "<group>";
		};
		7EC585282B05B97600EDB171 /* TextReplacement */ = {
			isa = PBXGroup;
			children = (
				7EC585292B05B97600EDB171 /* TKTextReplacementListView.swift */,
				7EC5852A2B05B97600EDB171 /* SectionIndexTitles.swift */,
				7EC5852B2B05B97600EDB171 /* SettingTRTextField.swift */,
				7EC5852C2B05B97600EDB171 /* SettingTRSearchBar.swift */,
				7EC5852D2B05B97600EDB171 /* TextReplacementRow.swift */,
				7EC5852E2B05B97600EDB171 /* TKTextReplacementEditView.swift */,
				7EC5852F2B05B97600EDB171 /* TKTextReplacementSearchView.swift */,
				7EC585302B05B97600EDB171 /* TKTextReplacementAddView.swift */,
			);
			path = TextReplacement;
			sourceTree = "<group>";
		};
		7EE71BAC2AF0E175001C0A28 /* Conversation */ = {
			isa = PBXGroup;
			children = (
				7E8906402ACEA31500C9947A /* TKConversationView.swift */,
				7EE087E72ADD4FAE00E07720 /* TKHistoryView.swift */,
				7EAEEC9C2AFF43B20066B36C /* TKTypingView.swift */,
				EFA9EDA12AF35CC40099AB56 /* TKGuidingView.swift */,
				7EAEEC9E2AFF447F0066B36C /* TKListeningView.swift */,
				7EAEECA02AFF8F810066B36C /* TKSavingView.swift */,
			);
			path = Conversation;
			sourceTree = "<group>";
		};
		7EE909BE2AFA6B6A0048AF77 /* Protocols */ = {
			isa = PBXGroup;
			children = (
				7EA9D34C2AFA19BE00A0EE99 /* TKReducer.swift */,
			);
			path = Protocols;
			sourceTree = "<group>";
		};
		7EF7378D2AD3D23F00FCBA21 /* Stores */ = {
			isa = PBXGroup;
			children = (
				7E4A6CDA2AFB2C350014DDB8 /* TKMainViewStore.swift */,
				7E6641252B03C03F00CDC6AB /* TKConversationViewStore.swift */,
				EF3B16C82B00C5FC00CDB484 /* TKSwiftDataStore.swift */,
				7E427EE02AE9559D0028E4F4 /* TKConversationViewStore.swift */,
				7EA8A78A2AD502D600AFD687 /* GyroScopeStore.swift */,
				572304FE2B00AF350098FFF5 /* TextReplacementViewStore.swift */,
				CE79CAEA2AF0CEC20007713B /* TKLocationStore.swift */,
				CE0CBF4F2B04D8BA0048C784 /* TKHistoryInfoStore.swift */,
			);
			path = Stores;
			sourceTree = "<group>";
		};
		7EF737922AD3DE4C00FCBA21 /* Utilities */ = {
			isa = PBXGroup;
			children = (
				7EFA2C292AD51FBC0013B533 /* Extensions */,
				7EF737932AD3DE5600FCBA21 /* Constants.swift */,
			);
			path = Utilities;
			sourceTree = "<group>";
		};
		7EF737952AD43E8300FCBA21 /* Components */ = {
			isa = PBXGroup;
			children = (
				5713DC4A2B0B3B9100ECF34B /* DesignSystem */,
				7E8445DD2ADFBBD900CFB8BC /* TKColor.swift */,
				575677E02ADA6F13002E01BE /* TLTextField.swift */,
				7E4A6CDC2AFB7F7C0014DDB8 /* TKOrbitCircles.swift */,
				7E6494C92AFCD08100FB478C /* TKBreathingCircles.swift */,
				7ED6BB132B00B2F5006D02DC /* TKScrollView.swift */,
				EF1162AD2AFCBB6F000D0F5B /* AWTextField.swift */,
				CE0CBF292B0287E50048C784 /* CustomAlertView.swift */,
				7E892E402B0350CF00788DCF /* TKAlert.swift */,
				7E892E422B036A5900788DCF /* TKToast.swift */,
				EF7BB3242B03A38000F8FEC9 /* TKListCell.swift */,
				7E0313802B04F8BB0090A704 /* TKSplashView.swift */,
			);
			path = Components;
			sourceTree = "<group>";
		};
		7EFA2C292AD51FBC0013B533 /* Extensions */ = {
			isa = PBXGroup;
			children = (
				7EFA2C2A2AD51FC80013B533 /* Double+Degree.swift */,
				7E8445D92ADFB4FC00CFB8BC /* Color+Hex.swift */,
				7EFE53772AE6228300DF4D85 /* View+Keyboard.swift */,
				5769BFDF2AFE142F0036CF3D /* String+Language.swift */,
				572A82032B03300B00753516 /* Character+Consonant.swift */,
				CE0CBF252B011EF70048C784 /* Date+Formatter.swift */,
				7EA146AC2AFFDFCF003A37CE /* EnvironmentValues+Namespace.swift */,
				7EEEFB612B0F360E0003763A /* View+TKAlert.swift */,
				5713DC4F2B0C9B9200ECF34B /* View+SwipeGesture.swift */,
				CE405C2C2B0CD7E4003F2586 /* OptionalInt+Distance.swift */,
			);
			path = Extensions;
			sourceTree = "<group>";
		};
		CE0CBF242B011BBA0048C784 /* CustomHistoryViewController */ = {
			isa = PBXGroup;
			children = (
				CE0CBF202B0118A70048C784 /* CustomHistoryViewControllerRepresentable.swift */,
				CE0CBF142B01157A0048C784 /* SectionHeaderView.swift */,
				CE0CBF162B0115900048C784 /* ChatMessageCell.swift */,
				CE0CBF182B0115F80048C784 /* CustomTableViewController.swift */,
				CE0CBF1E2B01186E0048C784 /* SheetWebView.swift */,
				CE0CBF1A2B01160D0048C784 /* HistoryViewController.swift */,
			);
			path = CustomHistoryViewController;
			sourceTree = "<group>";
		};
		EF67C6492ACEB65400C1074E /* Managers */ = {
			isa = PBXGroup;
			children = (
				EF3B16C62B00C5DD00CDB484 /* TKDataManager.swift */,
				EF67C6522AD13BF700C1074E /* SpeechAuthManager.swift */,
				575677DE2AD6BE47002E01BE /* SignalExtractor.swift */,
				EF67C64A2ACEB67000C1074E /* SpeechRecognizer.swift */,
				CEF43C472ADA97FF00DE02A9 /* HapticManager.swift */,
				5769BF9C2AFB5B900036CF3D /* TKTextReplacementManager.swift */,
				EFFE7A6C2B05BC7000E17AA1 /* TKAuthManager.swift */,
			);
			path = Managers;
			sourceTree = "<group>";
		};
		EF7938952AFB746D00402A4E /* History */ = {
			isa = PBXGroup;
			children = (
				EF7938962AFB748100402A4E /* HistoryListView.swift */,
				EF1162AA2AFCB90F000D0F5B /* HistoryListSearchView.swift */,
				EF1162B12AFCF30C000D0F5B /* SearchBarView.swift */,
				EF1162AF2AFCEBD7000D0F5B /* TKUnavailableViewBuilder.swift */,
			);
			path = History;
			sourceTree = "<group>";
		};
		EF7BB3202B0396DA00F8FEC9 /* Settings_ */ = {
			isa = PBXGroup;
			children = (
				7EC585282B05B97600EDB171 /* TextReplacement */,
				EFF347432B020DD900D2D1FB /* SettingsListView.swift */,
				EF7BB3222B03970300F8FEC9 /* SettingsDisplayView.swift */,
				EF7BB3282B03B78300F8FEC9 /* SettingsHapticView.swift */,
				EF7BB32A2B03BB4100F8FEC9 /* SettingsGestureView.swift */,
				EF7BB32C2B03BCC200F8FEC9 /* SettingsAppInfoView.swift */,
				EF7BB3302B03CFC100F8FEC9 /* SettingsHelpView.swift */,
				7EF74B642B073DFB00DCBA82 /* SettingsTeamView.swift */,
				EF7BB3372B03DF6600F8FEC9 /* SettingsGuidingView.swift */,
				EF7BB3392B03E3EC00F8FEC9 /* SettingsGuidingEditView.swift */,
				EF7BB33D2B03EC0A00F8FEC9 /* SettingsGuidingPreView.swift */,
				574D418B2B05E662007EFE90 /* SettingsTeamView.swift */,
				EF7BB3352B03D68400F8FEC9 /* EmailView.swift */,
				EF7BB33F2B05A13000F8FEC9 /* SettingTextField.swift */,
				EF75C6112B06184C00F83FFE /* LoadingWebView.swift */,
				EF75C6132B06191000F83FFE /* WebView.swift */,
			);
			path = Settings_;
			sourceTree = "<group>";
		};
/* End PBXGroup section */

/* Begin PBXNativeTarget section */
		7E8D17C02ACE8AEC00E904E5 /* bisdam */ = {
			isa = PBXNativeTarget;
			buildConfigurationList = 7E8D17E52ACE8AED00E904E5 /* Build configuration list for PBXNativeTarget "bisdam" */;
			buildPhases = (
				7E8D17BE2ACE8AEC00E904E5 /* Frameworks */,
				7E8D17BF2ACE8AEC00E904E5 /* Resources */,
				7EBD31132B0B2B0800D5514D /* Sources */,
			);
			buildRules = (
			);
			dependencies = (
			);
			name = bisdam;
			productName = talklat;
			productReference = 7E8D17C12ACE8AEC00E904E5 /* bisdam.app */;
			productType = "com.apple.product-type.application";
		};
		7E8D17D02ACE8AED00E904E5 /* bisdamTests */ = {
			isa = PBXNativeTarget;
			buildConfigurationList = 7E8D17E82ACE8AED00E904E5 /* Build configuration list for PBXNativeTarget "bisdamTests" */;
			buildPhases = (
				7E8D17CD2ACE8AED00E904E5 /* Sources */,
				7E8D17CE2ACE8AED00E904E5 /* Frameworks */,
				7E8D17CF2ACE8AED00E904E5 /* Resources */,
			);
			buildRules = (
			);
			dependencies = (
				7E8D17D32ACE8AED00E904E5 /* PBXTargetDependency */,
			);
			name = bisdamTests;
			productName = talklatTests;
			productReference = 7E8D17D12ACE8AED00E904E5 /* bisdamTests.xctest */;
			productType = "com.apple.product-type.bundle.unit-test";
		};
		7E8D17DA2ACE8AED00E904E5 /* bisdamUITests */ = {
			isa = PBXNativeTarget;
			buildConfigurationList = 7E8D17EB2ACE8AED00E904E5 /* Build configuration list for PBXNativeTarget "bisdamUITests" */;
			buildPhases = (
				7E8D17D72ACE8AED00E904E5 /* Sources */,
				7E8D17D82ACE8AED00E904E5 /* Frameworks */,
				7E8D17D92ACE8AED00E904E5 /* Resources */,
			);
			buildRules = (
			);
			dependencies = (
				7E8D17DD2ACE8AED00E904E5 /* PBXTargetDependency */,
			);
			name = bisdamUITests;
			productName = talklatUITests;
			productReference = 7E8D17DB2ACE8AED00E904E5 /* bisdamUITests.xctest */;
			productType = "com.apple.product-type.bundle.ui-testing";
		};
/* End PBXNativeTarget section */

/* Begin PBXProject section */
		7E8D17B92ACE8AEC00E904E5 /* Project object */ = {
			isa = PBXProject;
			attributes = {
				BuildIndependentTargetsInParallel = 1;
				LastSwiftUpdateCheck = 1420;
				LastUpgradeCheck = 1500;
				TargetAttributes = {
					7E8D17C02ACE8AEC00E904E5 = {
						CreatedOnToolsVersion = 14.2;
					};
					7E8D17D02ACE8AED00E904E5 = {
						CreatedOnToolsVersion = 14.2;
						TestTargetID = 7E8D17C02ACE8AEC00E904E5;
					};
					7E8D17DA2ACE8AED00E904E5 = {
						CreatedOnToolsVersion = 14.2;
						TestTargetID = 7E8D17C02ACE8AEC00E904E5;
					};
				};
			};
			buildConfigurationList = 7E8D17BC2ACE8AEC00E904E5 /* Build configuration list for PBXProject "bisdam" */;
			compatibilityVersion = "Xcode 14.0";
			developmentRegion = en;
			hasScannedForEncodings = 0;
			knownRegions = (
				en,
				Base,
			);
			mainGroup = 7E8D17B82ACE8AEC00E904E5;
			productRefGroup = 7E8D17C22ACE8AEC00E904E5 /* Products */;
			projectDirPath = "";
			projectRoot = "";
			targets = (
				7E8D17C02ACE8AEC00E904E5 /* bisdam */,
				7E8D17D02ACE8AED00E904E5 /* bisdamTests */,
				7E8D17DA2ACE8AED00E904E5 /* bisdamUITests */,
			);
		};
/* End PBXProject section */

/* Begin PBXResourcesBuildPhase section */
		7E8D17BF2ACE8AEC00E904E5 /* Resources */ = {
			isa = PBXResourcesBuildPhase;
			buildActionMask = 2147483647;
			files = (
				577B45242B0DE76500DA010E /* Pretendard-ExtraLight.otf in Resources */,
				577B45272B0DE76500DA010E /* Pretendard-Bold.otf in Resources */,
				577B45252B0DE76500DA010E /* Pretendard-Light.otf in Resources */,
				577B45202B0DE76500DA010E /* Pretendard-Thin.otf in Resources */,
				7ED9AA082ACE8E4300B1EA4E /* Preview Assets.xcassets in Resources */,
				577B45232B0DE76500DA010E /* Pretendard-ExtraBold.otf in Resources */,
				577B45222B0DE76500DA010E /* Pretendard-SemiBold.otf in Resources */,
				577B45212B0DE76500DA010E /* Pretendard-Black.otf in Resources */,
				577B45282B0DE76500DA010E /* Pretendard-Regular.otf in Resources */,
				7ED9AA092ACE8E4300B1EA4E /* Assets.xcassets in Resources */,
				577B45262B0DE76500DA010E /* Pretendard-Medium.otf in Resources */,
			);
			runOnlyForDeploymentPostprocessing = 0;
		};
		7E8D17CF2ACE8AED00E904E5 /* Resources */ = {
			isa = PBXResourcesBuildPhase;
			buildActionMask = 2147483647;
			files = (
			);
			runOnlyForDeploymentPostprocessing = 0;
		};
		7E8D17D92ACE8AED00E904E5 /* Resources */ = {
			isa = PBXResourcesBuildPhase;
			buildActionMask = 2147483647;
			files = (
			);
			runOnlyForDeploymentPostprocessing = 0;
		};
/* End PBXResourcesBuildPhase section */

/* Begin PBXSourcesBuildPhase section */
		7E8D17CD2ACE8AED00E904E5 /* Sources */ = {
			isa = PBXSourcesBuildPhase;
			buildActionMask = 2147483647;
			files = (
				7E8D17D62ACE8AED00E904E5 /* talklatTests.swift in Sources */,
			);
			runOnlyForDeploymentPostprocessing = 0;
		};
		7E8D17D72ACE8AED00E904E5 /* Sources */ = {
			isa = PBXSourcesBuildPhase;
			buildActionMask = 2147483647;
			files = (
				7E8D17E22ACE8AED00E904E5 /* talklatUITestsLaunchTests.swift in Sources */,
				7E8D17E02ACE8AED00E904E5 /* talklatUITests.swift in Sources */,
			);
			runOnlyForDeploymentPostprocessing = 0;
		};
		7EBD31132B0B2B0800D5514D /* Sources */ = {
			isa = PBXSourcesBuildPhase;
			buildActionMask = 2147483647;
			files = (
				7EBD31142B0B2B1300D5514D /* talklatApp.swift in Sources */,
				7EBD31152B0B2B1300D5514D /* LocationDataManager.swift in Sources */,
				7EBD31162B0B2B1300D5514D /* DataTestingView.swift in Sources */,
				7EBD31172B0B2B1300D5514D /* SettingTRTextFieldToBeReplaced.swift in Sources */,
				7EBD31182B0B2B1300D5514D /* AuthorizationRequestView.swift in Sources */,
				7EBD31192B0B2B1300D5514D /* StaffSpeechView.swift in Sources */,
				7EBD311A2B0B2B1300D5514D /* TestTKSettingView.swift in Sources */,
				7EBD311B2B0B2B1300D5514D /* TKTransitionTestView.swift in Sources */,
				7EBD311C2B0B2B1300D5514D /* TKTextField.swift in Sources */,
				7EBD311D2B0B2B1300D5514D /* TKReducer.swift in Sources */,
				7EBD311E2B0B2B1300D5514D /* HistoryItem.swift in Sources */,
				7EBD311F2B0B2B1300D5514D /* ChatMessage.swift in Sources */,
				7EBD31202B0B2B1300D5514D /* TKTextReplacement.swift in Sources */,
				7EBD31212B0B2B1300D5514D /* TKConversation.swift in Sources */,
				7EBD31222B0B2B1300D5514D /* TKContent.swift in Sources */,
				7EBD31232B0B2B1300D5514D /* TKLocation.swift in Sources */,
				7EBD31242B0B2B1300D5514D /* SampleTKConversation.swift in Sources */,
				7EBD31252B0B2B1300D5514D /* Double+Degree.swift in Sources */,
				7EBD31262B0B2B1300D5514D /* Color+Hex.swift in Sources */,
				5713DC502B0C9B9200ECF34B /* View+SwipeGesture.swift in Sources */,
				7EBD31272B0B2B1300D5514D /* View+Keyboard.swift in Sources */,
				7EBD31282B0B2B1300D5514D /* String+Language.swift in Sources */,
				7EBD31292B0B2B1300D5514D /* Character+Consonant.swift in Sources */,
				7EBD312A2B0B2B1300D5514D /* Date+Formatter.swift in Sources */,
				7EBD312B2B0B2B1300D5514D /* EnvironmentValues+Namespace.swift in Sources */,
				7EBD312C2B0B2B1300D5514D /* Constants.swift in Sources */,
				7EBD312D2B0B2B1300D5514D /* TKMainViewStore.swift in Sources */,
				7EBD312E2B0B2B1300D5514D /* TKConversationViewStore.swift in Sources */,
				7EBD312F2B0B2B1300D5514D /* TKSwiftDataStore.swift in Sources */,
				7EBD31312B0B2B1300D5514D /* GyroScopeStore.swift in Sources */,
				7EBD31322B0B2B1300D5514D /* TextReplacementViewStore.swift in Sources */,
				7EBD31332B0B2B1300D5514D /* TKLocationStore.swift in Sources */,
				7EBD31342B0B2B1300D5514D /* TKHistoryInfoStore.swift in Sources */,
				7EBD31352B0B2B1300D5514D /* TKDataManager.swift in Sources */,
				7EEEFB622B0F360E0003763A /* View+TKAlert.swift in Sources */,
				7EBD31362B0B2B1300D5514D /* SpeechAuthManager.swift in Sources */,
				5713DC4C2B0B3BC600ECF34B /* BDText.swift in Sources */,
				7EBD31372B0B2B1300D5514D /* SignalExtractor.swift in Sources */,
				7EBD31382B0B2B1300D5514D /* SpeechRecognizer.swift in Sources */,
				7EBD31392B0B2B1300D5514D /* HapticManager.swift in Sources */,
				7EBD313A2B0B2B1300D5514D /* TKTextReplacementManager.swift in Sources */,
				7EBD313B2B0B2B1300D5514D /* TKAuthManager.swift in Sources */,
				7EBD313C2B0B2B1300D5514D /* TKOnboardingView.swift in Sources */,
				7EBD313D2B0B2B1300D5514D /* TKOnboardingAuthReqeustView.swift in Sources */,
				7EBD313E2B0B2B1300D5514D /* TKTextReplacementListView.swift in Sources */,
				7EBD313F2B0B2B1300D5514D /* SectionIndexTitles.swift in Sources */,
				7EBD31402B0B2B1300D5514D /* SettingTRTextField.swift in Sources */,
				7EBD31412B0B2B1300D5514D /* SettingTRSearchBar.swift in Sources */,
				7EBD31422B0B2B1300D5514D /* TextReplacementRow.swift in Sources */,
				7EBD31432B0B2B1300D5514D /* TKTextReplacementEditView.swift in Sources */,
				7EBD31442B0B2B1300D5514D /* TKTextReplacementSearchView.swift in Sources */,
				7EBD31452B0B2B1300D5514D /* TKTextReplacementAddView.swift in Sources */,
				7EBD31462B0B2B1300D5514D /* SettingsListView.swift in Sources */,
				7EBD31472B0B2B1300D5514D /* SettingsDisplayView.swift in Sources */,
				7EBD31482B0B2B1300D5514D /* SettingsHapticView.swift in Sources */,
				7EBD31492B0B2B1300D5514D /* SettingsGestureView.swift in Sources */,
				7EBD314A2B0B2B1300D5514D /* SettingsAppInfoView.swift in Sources */,
				7EBD314B2B0B2B1300D5514D /* SettingsHelpView.swift in Sources */,
				7EBD314D2B0B2B1300D5514D /* SettingsGuidingView.swift in Sources */,
				7EBD314E2B0B2B1300D5514D /* SettingsGuidingEditView.swift in Sources */,
				7EBD314F2B0B2B1300D5514D /* SettingsGuidingPreView.swift in Sources */,
				7EBD31502B0B2B1300D5514D /* SettingsTeamView.swift in Sources */,
				7EBD31512B0B2B1300D5514D /* EmailView.swift in Sources */,
				7EBD31522B0B2B1300D5514D /* SettingTextField.swift in Sources */,
				7EBD31532B0B2B1300D5514D /* LoadingWebView.swift in Sources */,
				7EBD31542B0B2B1300D5514D /* WebView.swift in Sources */,
				CE405C2D2B0CD7E4003F2586 /* OptionalInt+Distance.swift in Sources */,
				7EBD31552B0B2B1300D5514D /* TKMainView.swift in Sources */,
				7EBD31562B0B2B1300D5514D /* TKDraggableList.swift in Sources */,
				7EBD31572B0B2B1300D5514D /* TKRecentConversationListView.swift in Sources */,
				7EBD31582B0B2B1300D5514D /* TKConversationView.swift in Sources */,
				7EBD31592B0B2B1300D5514D /* TKHistoryView.swift in Sources */,
				7EBD315A2B0B2B1300D5514D /* TKTypingView.swift in Sources */,
				7EBD315B2B0B2B1300D5514D /* TKGuidingView.swift in Sources */,
				7EBD315C2B0B2B1300D5514D /* TKListeningView.swift in Sources */,
				7EBD315D2B0B2B1300D5514D /* TKSavingView.swift in Sources */,
				7EBD315E2B0B2B1300D5514D /* CustomHistoryViewControllerRepresentable.swift in Sources */,
				7EBD315F2B0B2B1300D5514D /* SectionHeaderView.swift in Sources */,
				7EBD31602B0B2B1300D5514D /* ChatMessageCell.swift in Sources */,
				7EBD31612B0B2B1300D5514D /* CustomTableViewController.swift in Sources */,
				7EBD31622B0B2B1300D5514D /* SheetWebView.swift in Sources */,
				7EBD31632B0B2B1300D5514D /* HistoryViewController.swift in Sources */,
				7EBD31642B0B2B1300D5514D /* HistoryListView.swift in Sources */,
				7EBD31652B0B2B1300D5514D /* HistoryListSearchView.swift in Sources */,
				7EBD31662B0B2B1300D5514D /* SearchBarView.swift in Sources */,
				7EBD31672B0B2B1300D5514D /* TKUnavailableViewBuilder.swift in Sources */,
				7EBD31682B0B2B1300D5514D /* TKColor.swift in Sources */,
				7EBD31692B0B2B1300D5514D /* TLTextField.swift in Sources */,
				7EBD316A2B0B2B1300D5514D /* TKOrbitCircles.swift in Sources */,
				7EBD316B2B0B2B1300D5514D /* TKBreathingCircles.swift in Sources */,
				7EBD316C2B0B2B1300D5514D /* TKScrollView.swift in Sources */,
				7EBD316D2B0B2B1300D5514D /* AWTextField.swift in Sources */,
				7EBD316E2B0B2B1300D5514D /* CustomAlertView.swift in Sources */,
				7EBD316F2B0B2B1300D5514D /* TKAlert.swift in Sources */,
				7EBD31702B0B2B1300D5514D /* TKToast.swift in Sources */,
				7EBD31712B0B2B1300D5514D /* TKListCell.swift in Sources */,
				7EBD31722B0B2B1300D5514D /* TKSplashView.swift in Sources */,
				7EBD31732B0B2B1300D5514D /* ScrollContainer.swift in Sources */,
				7EBD31742B0B2B1300D5514D /* SwipeGuideMessage.swift in Sources */,
				7EBD31752B0B2B1300D5514D /* HistoryInfoItemView.swift in Sources */,
				7EBD31762B0B2B1300D5514D /* HistoryItemLocationEditView.swift in Sources */,
				7EBD31772B0B2B1300D5514D /* ScrollOffsetObserver.swift in Sources */,
				7EBD31782B0B2B1300D5514D /* CustomHistoryView.swift in Sources */,
			);
			runOnlyForDeploymentPostprocessing = 0;
		};
/* End PBXSourcesBuildPhase section */

/* Begin PBXTargetDependency section */
		7E8D17D32ACE8AED00E904E5 /* PBXTargetDependency */ = {
			isa = PBXTargetDependency;
			target = 7E8D17C02ACE8AEC00E904E5 /* bisdam */;
			targetProxy = 7E8D17D22ACE8AED00E904E5 /* PBXContainerItemProxy */;
		};
		7E8D17DD2ACE8AED00E904E5 /* PBXTargetDependency */ = {
			isa = PBXTargetDependency;
			target = 7E8D17C02ACE8AEC00E904E5 /* bisdam */;
			targetProxy = 7E8D17DC2ACE8AED00E904E5 /* PBXContainerItemProxy */;
		};
/* End PBXTargetDependency section */

/* Begin XCBuildConfiguration section */
		7E8D17E32ACE8AED00E904E5 /* Debug */ = {
			isa = XCBuildConfiguration;
			buildSettings = {
				ALWAYS_SEARCH_USER_PATHS = NO;
				CLANG_ANALYZER_NONNULL = YES;
				CLANG_ANALYZER_NUMBER_OBJECT_CONVERSION = YES_AGGRESSIVE;
				CLANG_CXX_LANGUAGE_STANDARD = "gnu++20";
				CLANG_ENABLE_MODULES = YES;
				CLANG_ENABLE_OBJC_ARC = YES;
				CLANG_ENABLE_OBJC_WEAK = YES;
				CLANG_WARN_BLOCK_CAPTURE_AUTORELEASING = YES;
				CLANG_WARN_BOOL_CONVERSION = YES;
				CLANG_WARN_COMMA = YES;
				CLANG_WARN_CONSTANT_CONVERSION = YES;
				CLANG_WARN_DEPRECATED_OBJC_IMPLEMENTATIONS = YES;
				CLANG_WARN_DIRECT_OBJC_ISA_USAGE = YES_ERROR;
				CLANG_WARN_DOCUMENTATION_COMMENTS = YES;
				CLANG_WARN_EMPTY_BODY = YES;
				CLANG_WARN_ENUM_CONVERSION = YES;
				CLANG_WARN_INFINITE_RECURSION = YES;
				CLANG_WARN_INT_CONVERSION = YES;
				CLANG_WARN_NON_LITERAL_NULL_CONVERSION = YES;
				CLANG_WARN_OBJC_IMPLICIT_RETAIN_SELF = YES;
				CLANG_WARN_OBJC_LITERAL_CONVERSION = YES;
				CLANG_WARN_OBJC_ROOT_CLASS = YES_ERROR;
				CLANG_WARN_QUOTED_INCLUDE_IN_FRAMEWORK_HEADER = YES;
				CLANG_WARN_RANGE_LOOP_ANALYSIS = YES;
				CLANG_WARN_STRICT_PROTOTYPES = YES;
				CLANG_WARN_SUSPICIOUS_MOVE = YES;
				CLANG_WARN_UNGUARDED_AVAILABILITY = YES_AGGRESSIVE;
				CLANG_WARN_UNREACHABLE_CODE = YES;
				CLANG_WARN__DUPLICATE_METHOD_MATCH = YES;
				COPY_PHASE_STRIP = NO;
				DEBUG_INFORMATION_FORMAT = dwarf;
				DEVELOPMENT_ASSET_PATHS = "\"talklat/Resources/Preview Content\"";
				ENABLE_STRICT_OBJC_MSGSEND = YES;
				ENABLE_TESTABILITY = YES;
				ENABLE_USER_SCRIPT_SANDBOXING = YES;
				GCC_C_LANGUAGE_STANDARD = gnu11;
				GCC_DYNAMIC_NO_PIC = NO;
				GCC_NO_COMMON_BLOCKS = YES;
				GCC_OPTIMIZATION_LEVEL = 0;
				GCC_PREPROCESSOR_DEFINITIONS = (
					"DEBUG=1",
					"$(inherited)",
				);
				GCC_WARN_64_TO_32_BIT_CONVERSION = YES;
				GCC_WARN_ABOUT_RETURN_TYPE = YES_ERROR;
				GCC_WARN_UNDECLARED_SELECTOR = YES;
				GCC_WARN_UNINITIALIZED_AUTOS = YES_AGGRESSIVE;
				GCC_WARN_UNUSED_FUNCTION = YES;
				GCC_WARN_UNUSED_VARIABLE = YES;
				IPHONEOS_DEPLOYMENT_TARGET = 17.0;
				MTL_ENABLE_DEBUG_INFO = INCLUDE_SOURCE;
				MTL_FAST_MATH = YES;
				ONLY_ACTIVE_ARCH = YES;
				SDKROOT = iphoneos;
				SWIFT_ACTIVE_COMPILATION_CONDITIONS = DEBUG;
				SWIFT_OPTIMIZATION_LEVEL = "-Onone";
			};
			name = Debug;
		};
		7E8D17E42ACE8AED00E904E5 /* Release */ = {
			isa = XCBuildConfiguration;
			buildSettings = {
				ALWAYS_SEARCH_USER_PATHS = NO;
				CLANG_ANALYZER_NONNULL = YES;
				CLANG_ANALYZER_NUMBER_OBJECT_CONVERSION = YES_AGGRESSIVE;
				CLANG_CXX_LANGUAGE_STANDARD = "gnu++20";
				CLANG_ENABLE_MODULES = YES;
				CLANG_ENABLE_OBJC_ARC = YES;
				CLANG_ENABLE_OBJC_WEAK = YES;
				CLANG_WARN_BLOCK_CAPTURE_AUTORELEASING = YES;
				CLANG_WARN_BOOL_CONVERSION = YES;
				CLANG_WARN_COMMA = YES;
				CLANG_WARN_CONSTANT_CONVERSION = YES;
				CLANG_WARN_DEPRECATED_OBJC_IMPLEMENTATIONS = YES;
				CLANG_WARN_DIRECT_OBJC_ISA_USAGE = YES_ERROR;
				CLANG_WARN_DOCUMENTATION_COMMENTS = YES;
				CLANG_WARN_EMPTY_BODY = YES;
				CLANG_WARN_ENUM_CONVERSION = YES;
				CLANG_WARN_INFINITE_RECURSION = YES;
				CLANG_WARN_INT_CONVERSION = YES;
				CLANG_WARN_NON_LITERAL_NULL_CONVERSION = YES;
				CLANG_WARN_OBJC_IMPLICIT_RETAIN_SELF = YES;
				CLANG_WARN_OBJC_LITERAL_CONVERSION = YES;
				CLANG_WARN_OBJC_ROOT_CLASS = YES_ERROR;
				CLANG_WARN_QUOTED_INCLUDE_IN_FRAMEWORK_HEADER = YES;
				CLANG_WARN_RANGE_LOOP_ANALYSIS = YES;
				CLANG_WARN_STRICT_PROTOTYPES = YES;
				CLANG_WARN_SUSPICIOUS_MOVE = YES;
				CLANG_WARN_UNGUARDED_AVAILABILITY = YES_AGGRESSIVE;
				CLANG_WARN_UNREACHABLE_CODE = YES;
				CLANG_WARN__DUPLICATE_METHOD_MATCH = YES;
				COPY_PHASE_STRIP = NO;
				DEBUG_INFORMATION_FORMAT = "dwarf-with-dsym";
				DEVELOPMENT_ASSET_PATHS = "\"talklat/Resources/Preview Content\"";
				ENABLE_NS_ASSERTIONS = NO;
				ENABLE_STRICT_OBJC_MSGSEND = YES;
				ENABLE_USER_SCRIPT_SANDBOXING = YES;
				GCC_C_LANGUAGE_STANDARD = gnu11;
				GCC_NO_COMMON_BLOCKS = YES;
				GCC_WARN_64_TO_32_BIT_CONVERSION = YES;
				GCC_WARN_ABOUT_RETURN_TYPE = YES_ERROR;
				GCC_WARN_UNDECLARED_SELECTOR = YES;
				GCC_WARN_UNINITIALIZED_AUTOS = YES_AGGRESSIVE;
				GCC_WARN_UNUSED_FUNCTION = YES;
				GCC_WARN_UNUSED_VARIABLE = YES;
				IPHONEOS_DEPLOYMENT_TARGET = 17.0;
				MTL_ENABLE_DEBUG_INFO = NO;
				MTL_FAST_MATH = YES;
				SDKROOT = iphoneos;
				SWIFT_COMPILATION_MODE = wholemodule;
				SWIFT_OPTIMIZATION_LEVEL = "-O";
				VALIDATE_PRODUCT = YES;
			};
			name = Release;
		};
		7E8D17E62ACE8AED00E904E5 /* Debug */ = {
			isa = XCBuildConfiguration;
			buildSettings = {
				ASSETCATALOG_COMPILER_APPICON_NAME = AppIcon;
				ASSETCATALOG_COMPILER_GLOBAL_ACCENT_COLOR_NAME = AccentColor;
				CODE_SIGN_IDENTITY = "Apple Development";
				CODE_SIGN_STYLE = Automatic;
				CURRENT_PROJECT_VERSION = 2311222320;
				DEVELOPMENT_ASSET_PATHS = "\"talklat/Resources/Preview Content\"";
				DEVELOPMENT_TEAM = 67M6ZS7KS6;
				ENABLE_PREVIEWS = YES;
				GENERATE_INFOPLIST_FILE = YES;
				DEVELOPMENT_TEAM = MTUYFM4K8P;
				DEVELOPMENT_TEAM = CZH2CMCGCZ;
				ENABLE_PREVIEWS = YES;
				GENERATE_INFOPLIST_FILE = YES;
				INFOPLIST_FILE = "bisdam-Info.plist";
				INFOPLIST_KEY_CFBundleDisplayName = "비스담";
				INFOPLIST_KEY_LSApplicationCategoryType = "public.app-category.utilities";
				INFOPLIST_KEY_NSLocationAlwaysAndWhenInUseUsageDescription = "사용자가 이전 대화한 내용을 장소 기반으로 저장하고, 장소를 재방문할 경우 이어서 대화하기를 제안하기 위해 정확한 위치 켬과 위치 정보 권한이 필요합니다.";
				INFOPLIST_KEY_NSLocationWhenInUseUsageDescription = "사용자가 이전 대화한 내용을 장소 기반으로 저장하고, 장소를 재방문할 경우 이어서 대화하기를 제안하기 위해 정확한 위치 켬과 위치 정보 권한이 필요합니다.";
				INFOPLIST_KEY_NSMicrophoneUsageDescription = "사용자가 대화하고자 하는 상대방의 음성을 인식하기 위해 마이크 권한이 필요합니다.";
				INFOPLIST_KEY_NSSpeechRecognitionUsageDescription = "인식한 상대방의 음성을 텍스트로 변환하기 위해 음성 인식 권한이 필요합니다.";
				INFOPLIST_KEY_UIApplicationSceneManifest_Generation = YES;
				INFOPLIST_KEY_UIApplicationSupportsIndirectInputEvents = YES;
				INFOPLIST_KEY_UILaunchScreen_Generation = YES;
				INFOPLIST_KEY_UISupportedInterfaceOrientations_iPad = "UIInterfaceOrientationPortrait UIInterfaceOrientationPortraitUpsideDown UIInterfaceOrientationLandscapeLeft UIInterfaceOrientationLandscapeRight";
				INFOPLIST_KEY_UISupportedInterfaceOrientations_iPhone = "UIInterfaceOrientationPortrait UIInterfaceOrientationLandscapeLeft UIInterfaceOrientationLandscapeRight";
				IPHONEOS_DEPLOYMENT_TARGET = 17.0;
				LD_RUNPATH_SEARCH_PATHS = (
					"$(inherited)",
					"@executable_path/Frameworks",
				);
				MARKETING_VERSION = 1.0.1;
				PRODUCT_BUNDLE_IDENTIFIER = com.allway.talklat;
				PRODUCT_NAME = "$(TARGET_NAME)";
				PROVISIONING_PROFILE_SPECIFIER = "";
				SUPPORTED_PLATFORMS = "iphoneos iphonesimulator";
				SUPPORTS_MACCATALYST = NO;
				SUPPORTS_MAC_DESIGNED_FOR_IPHONE_IPAD = NO;
				SWIFT_EMIT_LOC_STRINGS = YES;
				SWIFT_VERSION = 5.0;
				TARGETED_DEVICE_FAMILY = 1;
			};
			name = Debug;
		};
		7E8D17E72ACE8AED00E904E5 /* Release */ = {
			isa = XCBuildConfiguration;
			buildSettings = {
				ASSETCATALOG_COMPILER_APPICON_NAME = AppIcon;
				ASSETCATALOG_COMPILER_GLOBAL_ACCENT_COLOR_NAME = AccentColor;
				CODE_SIGN_IDENTITY = "Apple Development";
				CODE_SIGN_STYLE = Automatic;
				CURRENT_PROJECT_VERSION = 2311222320;
				DEVELOPMENT_ASSET_PATHS = "\"talklat/Resources/Preview Content\"";
				DEVELOPMENT_TEAM = 67M6ZS7KS6;
				ENABLE_PREVIEWS = YES;
				GENERATE_INFOPLIST_FILE = YES;
				DEVELOPMENT_TEAM = MTUYFM4K8P;
				DEVELOPMENT_TEAM = CZH2CMCGCZ;
				ENABLE_PREVIEWS = YES;
				GENERATE_INFOPLIST_FILE = YES;
				INFOPLIST_FILE = "bisdam-Info.plist";
				INFOPLIST_KEY_CFBundleDisplayName = "비스담";
				INFOPLIST_KEY_LSApplicationCategoryType = "public.app-category.utilities";
				INFOPLIST_KEY_NSLocationAlwaysAndWhenInUseUsageDescription = "사용자가 이전 대화한 내용을 장소 기반으로 저장하고, 장소를 재방문할 경우 이어서 대화하기를 제안하기 위해 정확한 위치 켬과 위치 정보 권한이 필요합니다.";
				INFOPLIST_KEY_NSLocationWhenInUseUsageDescription = "사용자가 이전 대화한 내용을 장소 기반으로 저장하고, 장소를 재방문할 경우 이어서 대화하기를 제안하기 위해 정확한 위치 켬과 위치 정보 권한이 필요합니다.";
				INFOPLIST_KEY_NSMicrophoneUsageDescription = "사용자가 대화하고자 하는 상대방의 음성을 인식하기 위해 마이크 권한이 필요합니다.";
				INFOPLIST_KEY_NSSpeechRecognitionUsageDescription = "인식한 상대방의 음성을 텍스트로 변환하기 위해 음성 인식 권한이 필요합니다.";
				INFOPLIST_KEY_UIApplicationSceneManifest_Generation = YES;
				INFOPLIST_KEY_UIApplicationSupportsIndirectInputEvents = YES;
				INFOPLIST_KEY_UILaunchScreen_Generation = YES;
				INFOPLIST_KEY_UISupportedInterfaceOrientations_iPad = "UIInterfaceOrientationPortrait UIInterfaceOrientationPortraitUpsideDown UIInterfaceOrientationLandscapeLeft UIInterfaceOrientationLandscapeRight";
				INFOPLIST_KEY_UISupportedInterfaceOrientations_iPhone = "UIInterfaceOrientationPortrait UIInterfaceOrientationLandscapeLeft UIInterfaceOrientationLandscapeRight";
				IPHONEOS_DEPLOYMENT_TARGET = 17.0;
				LD_RUNPATH_SEARCH_PATHS = (
					"$(inherited)",
					"@executable_path/Frameworks",
				);
				MARKETING_VERSION = 1.0.1;
				PRODUCT_BUNDLE_IDENTIFIER = com.allway.talklat;
				PRODUCT_NAME = "$(TARGET_NAME)";
				PROVISIONING_PROFILE_SPECIFIER = "";
				SUPPORTED_PLATFORMS = "iphoneos iphonesimulator";
				SUPPORTS_MACCATALYST = NO;
				SUPPORTS_MAC_DESIGNED_FOR_IPHONE_IPAD = NO;
				SWIFT_EMIT_LOC_STRINGS = YES;
				SWIFT_VERSION = 5.0;
				TARGETED_DEVICE_FAMILY = 1;
			};
			name = Release;
		};
		7E8D17E92ACE8AED00E904E5 /* Debug */ = {
			isa = XCBuildConfiguration;
			buildSettings = {
				ALWAYS_EMBED_SWIFT_STANDARD_LIBRARIES = YES;
				BUNDLE_LOADER = "$(TEST_HOST)";
				CODE_SIGN_STYLE = Automatic;
				CURRENT_PROJECT_VERSION = 1;
				DEVELOPMENT_TEAM = 67M6ZS7KS6;
				GENERATE_INFOPLIST_FILE = YES;
				IPHONEOS_DEPLOYMENT_TARGET = 16.2;
				MARKETING_VERSION = 1.0;
				PRODUCT_BUNDLE_IDENTIFIER = com.Celan.talklatTests;
				PRODUCT_NAME = "$(TARGET_NAME)";
				SWIFT_EMIT_LOC_STRINGS = NO;
				SWIFT_VERSION = 5.0;
				TARGETED_DEVICE_FAMILY = "1,2";
				TEST_HOST = "$(BUILT_PRODUCTS_DIR)/bisdam.app/$(BUNDLE_EXECUTABLE_FOLDER_PATH)/bisdam";
			};
			name = Debug;
		};
		7E8D17EA2ACE8AED00E904E5 /* Release */ = {
			isa = XCBuildConfiguration;
			buildSettings = {
				ALWAYS_EMBED_SWIFT_STANDARD_LIBRARIES = YES;
				BUNDLE_LOADER = "$(TEST_HOST)";
				CODE_SIGN_STYLE = Automatic;
				CURRENT_PROJECT_VERSION = 1;
				DEVELOPMENT_TEAM = 67M6ZS7KS6;
				GENERATE_INFOPLIST_FILE = YES;
				IPHONEOS_DEPLOYMENT_TARGET = 16.2;
				MARKETING_VERSION = 1.0;
				PRODUCT_BUNDLE_IDENTIFIER = com.Celan.talklatTests;
				PRODUCT_NAME = "$(TARGET_NAME)";
				SWIFT_EMIT_LOC_STRINGS = NO;
				SWIFT_VERSION = 5.0;
				TARGETED_DEVICE_FAMILY = "1,2";
				TEST_HOST = "$(BUILT_PRODUCTS_DIR)/bisdam.app/$(BUNDLE_EXECUTABLE_FOLDER_PATH)/bisdam";
			};
			name = Release;
		};
		7E8D17EC2ACE8AED00E904E5 /* Debug */ = {
			isa = XCBuildConfiguration;
			buildSettings = {
				ALWAYS_EMBED_SWIFT_STANDARD_LIBRARIES = YES;
				CODE_SIGN_STYLE = Automatic;
				CURRENT_PROJECT_VERSION = 1;
				DEVELOPMENT_TEAM = 67M6ZS7KS6;
				GENERATE_INFOPLIST_FILE = YES;
				MARKETING_VERSION = 1.0;
				PRODUCT_BUNDLE_IDENTIFIER = com.Celan.talklatUITests;
				PRODUCT_NAME = "$(TARGET_NAME)";
				SWIFT_EMIT_LOC_STRINGS = NO;
				SWIFT_VERSION = 5.0;
				TARGETED_DEVICE_FAMILY = "1,2";
				TEST_TARGET_NAME = talklat;
			};
			name = Debug;
		};
		7E8D17ED2ACE8AED00E904E5 /* Release */ = {
			isa = XCBuildConfiguration;
			buildSettings = {
				ALWAYS_EMBED_SWIFT_STANDARD_LIBRARIES = YES;
				CODE_SIGN_STYLE = Automatic;
				CURRENT_PROJECT_VERSION = 1;
				DEVELOPMENT_TEAM = 67M6ZS7KS6;
				GENERATE_INFOPLIST_FILE = YES;
				MARKETING_VERSION = 1.0;
				PRODUCT_BUNDLE_IDENTIFIER = com.Celan.talklatUITests;
				PRODUCT_NAME = "$(TARGET_NAME)";
				SWIFT_EMIT_LOC_STRINGS = NO;
				SWIFT_VERSION = 5.0;
				TARGETED_DEVICE_FAMILY = "1,2";
				TEST_TARGET_NAME = talklat;
			};
			name = Release;
		};
/* End XCBuildConfiguration section */

/* Begin XCConfigurationList section */
		7E8D17BC2ACE8AEC00E904E5 /* Build configuration list for PBXProject "bisdam" */ = {
			isa = XCConfigurationList;
			buildConfigurations = (
				7E8D17E32ACE8AED00E904E5 /* Debug */,
				7E8D17E42ACE8AED00E904E5 /* Release */,
			);
			defaultConfigurationIsVisible = 0;
			defaultConfigurationName = Release;
		};
		7E8D17E52ACE8AED00E904E5 /* Build configuration list for PBXNativeTarget "bisdam" */ = {
			isa = XCConfigurationList;
			buildConfigurations = (
				7E8D17E62ACE8AED00E904E5 /* Debug */,
				7E8D17E72ACE8AED00E904E5 /* Release */,
			);
			defaultConfigurationIsVisible = 0;
			defaultConfigurationName = Release;
		};
		7E8D17E82ACE8AED00E904E5 /* Build configuration list for PBXNativeTarget "bisdamTests" */ = {
			isa = XCConfigurationList;
			buildConfigurations = (
				7E8D17E92ACE8AED00E904E5 /* Debug */,
				7E8D17EA2ACE8AED00E904E5 /* Release */,
			);
			defaultConfigurationIsVisible = 0;
			defaultConfigurationName = Release;
		};
		7E8D17EB2ACE8AED00E904E5 /* Build configuration list for PBXNativeTarget "bisdamUITests" */ = {
			isa = XCConfigurationList;
			buildConfigurations = (
				7E8D17EC2ACE8AED00E904E5 /* Debug */,
				7E8D17ED2ACE8AED00E904E5 /* Release */,
			);
			defaultConfigurationIsVisible = 0;
			defaultConfigurationName = Release;
		};
/* End XCConfigurationList section */
	};
	rootObject = 7E8D17B92ACE8AEC00E904E5 /* Project object */;
}
